
Microsoft Visual Studio Solution File, Format Version 12.00
# Visual Studio 2013
VisualStudioVersion = 12.0.40629.0
MinimumVisualStudioVersion = 10.0.40219.1
Project("{54435603-DBB4-11D2-8724-00A0C9A8B90C}") = "GlyphEdInstaller", "GlyphEdInstaller\GlyphEdInstaller.vdproj", "{7F16DA6F-A325-4FB8-BBD2-95EDBF7E4C51}"
	ProjectSection(ProjectDependencies) = postProject
		{114AF60B-B693-45CC-83C8-A418B5C652E8} = {114AF60B-B693-45CC-83C8-A418B5C652E8}
		{5008DE61-78D7-4C8F-9CFC-B4B44F302C38} = {5008DE61-78D7-4C8F-9CFC-B4B44F302C38}
	EndProjectSection
EndProject
Project("{54435603-DBB4-11D2-8724-00A0C9A8B90C}") = "SGXSetupMergeModule", "..\..\gui\SGXSetupMergeModule\SGXSetupMergeModule.vdproj", "{114AF60B-B693-45CC-83C8-A418B5C652E8}"
EndProject
Project("{8BC9CEB8-8B4A-11D0-8D11-00A0C91BC942}") = "SGXzSpaceGUI", "..\..\gui\SGXzSpaceGUI\SGXzSpaceGUI.vcxproj", "{A5CC71AF-D830-4680-B093-15AAB5BD4FF7}"
	ProjectSection(ProjectDependencies) = postProject
		{719E7168-0726-41CB-8C97-113F0279FDB8} = {719E7168-0726-41CB-8C97-113F0279FDB8}
		{6F25F9F4-52F6-4734-8DA7-9EE08491444D} = {6F25F9F4-52F6-4734-8DA7-9EE08491444D}
	EndProjectSection
EndProject
Project("{8BC9CEB8-8B4A-11D0-8D11-00A0C91BC942}") = "SGXGUI", "..\..\gui\SGXGUI\SGXGUI.vcxproj", "{6F25F9F4-52F6-4734-8DA7-9EE08491444D}"
	ProjectSection(ProjectDependencies) = postProject
		{719E7168-0726-41CB-8C97-113F0279FDB8} = {719E7168-0726-41CB-8C97-113F0279FDB8}
	EndProjectSection
EndProject
Project("{8BC9CEB8-8B4A-11D0-8D11-00A0C91BC942}") = "SGXGlyphGUI", "..\..\gui\SGXGlyphGUI\SGXGlyphGUI.vcxproj", "{4953F2DD-83B8-4596-883E-C7D541A17D60}"
	ProjectSection(ProjectDependencies) = postProject
		{72BF141A-129B-474B-B059-EF204CBD31F6} = {72BF141A-129B-474B-B059-EF204CBD31F6}
		{719E7168-0726-41CB-8C97-113F0279FDB8} = {719E7168-0726-41CB-8C97-113F0279FDB8}
		{6F25F9F4-52F6-4734-8DA7-9EE08491444D} = {6F25F9F4-52F6-4734-8DA7-9EE08491444D}
	EndProjectSection
EndProject
Project("{8BC9CEB8-8B4A-11D0-8D11-00A0C91BC942}") = "SGXDataTransformGUI", "..\..\gui\SGXDataTransformGUI\SGXDataTransformGUI.vcxproj", "{7778ED0D-39D7-4D7D-BD1A-0B66C14060FF}"
	ProjectSection(ProjectDependencies) = postProject
		{72BF141A-129B-474B-B059-EF204CBD31F6} = {72BF141A-129B-474B-B059-EF204CBD31F6}
		{1917E85B-C54C-4A57-8D29-DAC16021149E} = {1917E85B-C54C-4A57-8D29-DAC16021149E}
		{719E7168-0726-41CB-8C97-113F0279FDB8} = {719E7168-0726-41CB-8C97-113F0279FDB8}
		{10B12A6C-E0F4-4CF8-9DE2-1DC881A47DBD} = {10B12A6C-E0F4-4CF8-9DE2-1DC881A47DBD}
		{4953F2DD-83B8-4596-883E-C7D541A17D60} = {4953F2DD-83B8-4596-883E-C7D541A17D60}
		{6F25F9F4-52F6-4734-8DA7-9EE08491444D} = {6F25F9F4-52F6-4734-8DA7-9EE08491444D}
	EndProjectSection
EndProject
Project("{8BC9CEB8-8B4A-11D0-8D11-00A0C91BC942}") = "MapDownloading", "..\..\gui\MapDownloading\MapDownloading.vcxproj", "{C1352B61-481F-430E-9B1F-B4FC1001C542}"
	ProjectSection(ProjectDependencies) = postProject
		{97CCCA63-D9A1-4B89-B473-FC1385E3782E} = {97CCCA63-D9A1-4B89-B473-FC1385E3782E}
		{719E7168-0726-41CB-8C97-113F0279FDB8} = {719E7168-0726-41CB-8C97-113F0279FDB8}
		{6F25F9F4-52F6-4734-8DA7-9EE08491444D} = {6F25F9F4-52F6-4734-8DA7-9EE08491444D}
	EndProjectSection
EndProject
Project("{8BC9CEB8-8B4A-11D0-8D11-00A0C91BC942}") = "GlyphViewer", "..\..\gui\GlyphViewer\GlyphViewer.vcxproj", "{B12702AD-ABFB-343A-A199-8E24837244A3}"
	ProjectSection(ProjectDependencies) = postProject
		{7778ED0D-39D7-4D7D-BD1A-0B66C14060FF} = {7778ED0D-39D7-4D7D-BD1A-0B66C14060FF}
		{72BF141A-129B-474B-B059-EF204CBD31F6} = {72BF141A-129B-474B-B059-EF204CBD31F6}
		{968BAC27-C2A0-4012-81AA-19D57EE5FDCF} = {968BAC27-C2A0-4012-81AA-19D57EE5FDCF}
		{3A2E1233-CA11-41E6-AEC0-8BE69721493B} = {3A2E1233-CA11-41E6-AEC0-8BE69721493B}
		{1917E85B-C54C-4A57-8D29-DAC16021149E} = {1917E85B-C54C-4A57-8D29-DAC16021149E}
		{C1352B61-481F-430E-9B1F-B4FC1001C542} = {C1352B61-481F-430E-9B1F-B4FC1001C542}
		{97CCCA63-D9A1-4B89-B473-FC1385E3782E} = {97CCCA63-D9A1-4B89-B473-FC1385E3782E}
		{719E7168-0726-41CB-8C97-113F0279FDB8} = {719E7168-0726-41CB-8C97-113F0279FDB8}
		{A5CC71AF-D830-4680-B093-15AAB5BD4FF7} = {A5CC71AF-D830-4680-B093-15AAB5BD4FF7}
		{4953F2DD-83B8-4596-883E-C7D541A17D60} = {4953F2DD-83B8-4596-883E-C7D541A17D60}
		{6F25F9F4-52F6-4734-8DA7-9EE08491444D} = {6F25F9F4-52F6-4734-8DA7-9EE08491444D}
	EndProjectSection
EndProject
Project("{8BC9CEB8-8B4A-11D0-8D11-00A0C91BC942}") = "GlyphDesigner", "..\..\gui\GlyphDesigner\GlyphDesigner.vcxproj", "{C51DA629-7E1F-4211-91C6-54C980A70172}"
	ProjectSection(ProjectDependencies) = postProject
		{72BF141A-129B-474B-B059-EF204CBD31F6} = {72BF141A-129B-474B-B059-EF204CBD31F6}
		{1917E85B-C54C-4A57-8D29-DAC16021149E} = {1917E85B-C54C-4A57-8D29-DAC16021149E}
		{719E7168-0726-41CB-8C97-113F0279FDB8} = {719E7168-0726-41CB-8C97-113F0279FDB8}
		{34FA31BE-0730-47BC-809E-DB7FFBAA51C1} = {34FA31BE-0730-47BC-809E-DB7FFBAA51C1}
		{4953F2DD-83B8-4596-883E-C7D541A17D60} = {4953F2DD-83B8-4596-883E-C7D541A17D60}
		{6F25F9F4-52F6-4734-8DA7-9EE08491444D} = {6F25F9F4-52F6-4734-8DA7-9EE08491444D}
	EndProjectSection
EndProject
Project("{8BC9CEB8-8B4A-11D0-8D11-00A0C91BC942}") = "DataEngine", "..\..\dataengine\DataEngine\DataEngine.vcxproj", "{10B12A6C-E0F4-4CF8-9DE2-1DC881A47DBD}"
	ProjectSection(ProjectDependencies) = postProject
		{C1352B61-481F-430E-9B1F-B4FC1001C542} = {C1352B61-481F-430E-9B1F-B4FC1001C542}
		{97CCCA63-D9A1-4B89-B473-FC1385E3782E} = {97CCCA63-D9A1-4B89-B473-FC1385E3782E}
		{719E7168-0726-41CB-8C97-113F0279FDB8} = {719E7168-0726-41CB-8C97-113F0279FDB8}
	EndProjectSection
EndProject
Project("{8BC9CEB8-8B4A-11D0-8D11-00A0C91BC942}") = "SGXUtility", "..\..\core\SGXUtility\SGXUtility.vcxproj", "{719E7168-0726-41CB-8C97-113F0279FDB8}"
EndProject
Project("{8BC9CEB8-8B4A-11D0-8D11-00A0C91BC942}") = "SGXImage", "..\..\core\SGXImage\SGXImage.vcxproj", "{97CCCA63-D9A1-4B89-B473-FC1385E3782E}"
	ProjectSection(ProjectDependencies) = postProject
		{1917E85B-C54C-4A57-8D29-DAC16021149E} = {1917E85B-C54C-4A57-8D29-DAC16021149E}
		{719E7168-0726-41CB-8C97-113F0279FDB8} = {719E7168-0726-41CB-8C97-113F0279FDB8}
	EndProjectSection
EndProject
Project("{8BC9CEB8-8B4A-11D0-8D11-00A0C91BC942}") = "SGXGeospatial", "..\..\core\SGXGeospatial\SGXGeospatial.vcxproj", "{3A2E1233-CA11-41E6-AEC0-8BE69721493B}"
EndProject
Project("{8BC9CEB8-8B4A-11D0-8D11-00A0C91BC942}") = "SGXFoundation", "..\..\core\SGXFoundation\SGXFoundation.vcxproj", "{1917E85B-C54C-4A57-8D29-DAC16021149E}"
	ProjectSection(ProjectDependencies) = postProject
		{719E7168-0726-41CB-8C97-113F0279FDB8} = {719E7168-0726-41CB-8C97-113F0279FDB8}
	EndProjectSection
EndProject
Project("{8BC9CEB8-8B4A-11D0-8D11-00A0C91BC942}") = "SGXDataMapping", "..\..\core\SGXDataMapping\SGXDataMapping.vcxproj", "{72BF141A-129B-474B-B059-EF204CBD31F6}"
	ProjectSection(ProjectDependencies) = postProject
		{1917E85B-C54C-4A57-8D29-DAC16021149E} = {1917E85B-C54C-4A57-8D29-DAC16021149E}
		{97CCCA63-D9A1-4B89-B473-FC1385E3782E} = {97CCCA63-D9A1-4B89-B473-FC1385E3782E}
		{719E7168-0726-41CB-8C97-113F0279FDB8} = {719E7168-0726-41CB-8C97-113F0279FDB8}
	EndProjectSection
EndProject
Project("{8BC9CEB8-8B4A-11D0-8D11-00A0C91BC942}") = "DataMapper", "..\..\gui\DataMapper\DataMapper.vcxproj", "{5E911B8A-4BAF-4DEC-A87D-E517F53FDB57}"
	ProjectSection(ProjectDependencies) = postProject
		{7778ED0D-39D7-4D7D-BD1A-0B66C14060FF} = {7778ED0D-39D7-4D7D-BD1A-0B66C14060FF}
		{72BF141A-129B-474B-B059-EF204CBD31F6} = {72BF141A-129B-474B-B059-EF204CBD31F6}
		{3A2E1233-CA11-41E6-AEC0-8BE69721493B} = {3A2E1233-CA11-41E6-AEC0-8BE69721493B}
		{1917E85B-C54C-4A57-8D29-DAC16021149E} = {1917E85B-C54C-4A57-8D29-DAC16021149E}
		{C1352B61-481F-430E-9B1F-B4FC1001C542} = {C1352B61-481F-430E-9B1F-B4FC1001C542}
		{97CCCA63-D9A1-4B89-B473-FC1385E3782E} = {97CCCA63-D9A1-4B89-B473-FC1385E3782E}
		{719E7168-0726-41CB-8C97-113F0279FDB8} = {719E7168-0726-41CB-8C97-113F0279FDB8}
		{10B12A6C-E0F4-4CF8-9DE2-1DC881A47DBD} = {10B12A6C-E0F4-4CF8-9DE2-1DC881A47DBD}
		{34FA31BE-0730-47BC-809E-DB7FFBAA51C1} = {34FA31BE-0730-47BC-809E-DB7FFBAA51C1}
		{4953F2DD-83B8-4596-883E-C7D541A17D60} = {4953F2DD-83B8-4596-883E-C7D541A17D60}
		{6F25F9F4-52F6-4734-8DA7-9EE08491444D} = {6F25F9F4-52F6-4734-8DA7-9EE08491444D}
	EndProjectSection
EndProject
Project("{54435603-DBB4-11D2-8724-00A0C9A8B90C}") = "GlyphEdMergeModule", "..\GlyphEdMergeModule\GlyphEdMergeModule.vdproj", "{5008DE61-78D7-4C8F-9CFC-B4B44F302C38}"
	ProjectSection(ProjectDependencies) = postProject
		{114AF60B-B693-45CC-83C8-A418B5C652E8} = {114AF60B-B693-45CC-83C8-A418B5C652E8}
		{B12702AD-ABFB-343A-A199-8E24837244A3} = {B12702AD-ABFB-343A-A199-8E24837244A3}
	EndProjectSection
EndProject
Project("{8BC9CEB8-8B4A-11D0-8D11-00A0C91BC942}") = "SGXGraphics", "..\..\gui\SGXGraphics\SGXGraphics.vcxproj", "{49AB85CC-8CAE-4C1B-A17F-2EFE216A601E}"
EndProject
Project("{8BC9CEB8-8B4A-11D0-8D11-00A0C91BC942}") = "SGXSceneViewer", "..\..\gui\SGXSceneViewer\SGXSceneViewer.vcxproj", "{F5B48F1C-0D02-4BD9-83E0-E1ACD569FEC2}"
	ProjectSection(ProjectDependencies) = postProject
		{4953F2DD-83B8-4596-883E-C7D541A17D60} = {4953F2DD-83B8-4596-883E-C7D541A17D60}
	EndProjectSection
EndProject
Project("{8BC9CEB8-8B4A-11D0-8D11-00A0C91BC942}") = "ANTzCore", "..\..\antzplus\ANTzCore\ANTzCore.vcxproj", "{7D8A83E2-8F45-4F90-9F84-F1120904E0CE}"
EndProject
Project("{8BC9CEB8-8B4A-11D0-8D11-00A0C91BC942}") = "ANTzBridge", "..\..\antzplus\ANTzBridge\ANTzBridge.vcxproj", "{5E827F64-EBFA-4D08-9C78-FF91E2BAB5A7}"
EndProject
Project("{8BC9CEB8-8B4A-11D0-8D11-00A0C91BC942}") = "ANTzGUI", "..\..\antzplus\ANTzGUI\ANTzGUI.vcxproj", "{968BAC27-C2A0-4012-81AA-19D57EE5FDCF}"
EndProject
Project("{8BC9CEB8-8B4A-11D0-8D11-00A0C91BC942}") = "ANTzSingleGlyphGUI", "..\..\antzplus\ANTzSingleGlyphGUI\ANTzSingleGlyphGUI.vcxproj", "{34FA31BE-0730-47BC-809E-DB7FFBAA51C1}"
EndProject
Global
	GlobalSection(SolutionConfigurationPlatforms) = preSolution
		Debug|Win32 = Debug|Win32
		Debug|x64 = Debug|x64
		Release|Win32 = Release|Win32
		Release|x64 = Release|x64
	EndGlobalSection
	GlobalSection(ProjectConfigurationPlatforms) = postSolution
		{7F16DA6F-A325-4FB8-BBD2-95EDBF7E4C51}.Debug|Win32.ActiveCfg = Debug
		{7F16DA6F-A325-4FB8-BBD2-95EDBF7E4C51}.Debug|Win32.Build.0 = Debug
		{7F16DA6F-A325-4FB8-BBD2-95EDBF7E4C51}.Debug|x64.ActiveCfg = Debug
		{7F16DA6F-A325-4FB8-BBD2-95EDBF7E4C51}.Debug|x64.Build.0 = Debug
		{7F16DA6F-A325-4FB8-BBD2-95EDBF7E4C51}.Release|Win32.ActiveCfg = Release
		{7F16DA6F-A325-4FB8-BBD2-95EDBF7E4C51}.Release|Win32.Build.0 = Release
		{7F16DA6F-A325-4FB8-BBD2-95EDBF7E4C51}.Release|x64.ActiveCfg = Release
		{7F16DA6F-A325-4FB8-BBD2-95EDBF7E4C51}.Release|x64.Build.0 = Release
		{114AF60B-B693-45CC-83C8-A418B5C652E8}.Debug|Win32.ActiveCfg = Debug
		{114AF60B-B693-45CC-83C8-A418B5C652E8}.Debug|Win32.Build.0 = Debug
		{114AF60B-B693-45CC-83C8-A418B5C652E8}.Debug|x64.ActiveCfg = Debug
		{114AF60B-B693-45CC-83C8-A418B5C652E8}.Debug|x64.Build.0 = Debug
		{114AF60B-B693-45CC-83C8-A418B5C652E8}.Release|Win32.ActiveCfg = Release
		{114AF60B-B693-45CC-83C8-A418B5C652E8}.Release|Win32.Build.0 = Release
		{114AF60B-B693-45CC-83C8-A418B5C652E8}.Release|x64.ActiveCfg = Release
		{114AF60B-B693-45CC-83C8-A418B5C652E8}.Release|x64.Build.0 = Release
		{A5CC71AF-D830-4680-B093-15AAB5BD4FF7}.Debug|Win32.ActiveCfg = Debug|Win32
		{A5CC71AF-D830-4680-B093-15AAB5BD4FF7}.Debug|Win32.Build.0 = Debug|Win32
		{A5CC71AF-D830-4680-B093-15AAB5BD4FF7}.Debug|x64.ActiveCfg = Debug|Win32
		{A5CC71AF-D830-4680-B093-15AAB5BD4FF7}.Release|Win32.ActiveCfg = Release|Win32
		{A5CC71AF-D830-4680-B093-15AAB5BD4FF7}.Release|Win32.Build.0 = Release|Win32
		{A5CC71AF-D830-4680-B093-15AAB5BD4FF7}.Release|x64.ActiveCfg = Release|Win32
		{6F25F9F4-52F6-4734-8DA7-9EE08491444D}.Debug|Win32.ActiveCfg = Debug|Win32
		{6F25F9F4-52F6-4734-8DA7-9EE08491444D}.Debug|Win32.Build.0 = Debug|Win32
		{6F25F9F4-52F6-4734-8DA7-9EE08491444D}.Debug|x64.ActiveCfg = Debug|Win32
		{6F25F9F4-52F6-4734-8DA7-9EE08491444D}.Release|Win32.ActiveCfg = Release|Win32
		{6F25F9F4-52F6-4734-8DA7-9EE08491444D}.Release|Win32.Build.0 = Release|Win32
		{6F25F9F4-52F6-4734-8DA7-9EE08491444D}.Release|x64.ActiveCfg = Release|Win32
		{4953F2DD-83B8-4596-883E-C7D541A17D60}.Debug|Win32.ActiveCfg = Debug|Win32
		{4953F2DD-83B8-4596-883E-C7D541A17D60}.Debug|Win32.Build.0 = Debug|Win32
		{4953F2DD-83B8-4596-883E-C7D541A17D60}.Debug|x64.ActiveCfg = Debug|Win32
		{4953F2DD-83B8-4596-883E-C7D541A17D60}.Release|Win32.ActiveCfg = Release|Win32
		{4953F2DD-83B8-4596-883E-C7D541A17D60}.Release|Win32.Build.0 = Release|Win32
		{4953F2DD-83B8-4596-883E-C7D541A17D60}.Release|x64.ActiveCfg = Release|Win32
		{7778ED0D-39D7-4D7D-BD1A-0B66C14060FF}.Debug|Win32.ActiveCfg = Debug|Win32
		{7778ED0D-39D7-4D7D-BD1A-0B66C14060FF}.Debug|Win32.Build.0 = Debug|Win32
		{7778ED0D-39D7-4D7D-BD1A-0B66C14060FF}.Debug|x64.ActiveCfg = Debug|Win32
		{7778ED0D-39D7-4D7D-BD1A-0B66C14060FF}.Release|Win32.ActiveCfg = Release|Win32
		{7778ED0D-39D7-4D7D-BD1A-0B66C14060FF}.Release|Win32.Build.0 = Release|Win32
		{7778ED0D-39D7-4D7D-BD1A-0B66C14060FF}.Release|x64.ActiveCfg = Release|Win32
		{C1352B61-481F-430E-9B1F-B4FC1001C542}.Debug|Win32.ActiveCfg = Debug|Win32
		{C1352B61-481F-430E-9B1F-B4FC1001C542}.Debug|Win32.Build.0 = Debug|Win32
		{C1352B61-481F-430E-9B1F-B4FC1001C542}.Debug|x64.ActiveCfg = Debug|Win32
		{C1352B61-481F-430E-9B1F-B4FC1001C542}.Release|Win32.ActiveCfg = Release|Win32
		{C1352B61-481F-430E-9B1F-B4FC1001C542}.Release|Win32.Build.0 = Release|Win32
		{C1352B61-481F-430E-9B1F-B4FC1001C542}.Release|x64.ActiveCfg = Release|Win32
		{B12702AD-ABFB-343A-A199-8E24837244A3}.Debug|Win32.ActiveCfg = Debug|Win32
		{B12702AD-ABFB-343A-A199-8E24837244A3}.Debug|Win32.Build.0 = Debug|Win32
		{B12702AD-ABFB-343A-A199-8E24837244A3}.Debug|x64.ActiveCfg = Debug|Win32
		{B12702AD-ABFB-343A-A199-8E24837244A3}.Release|Win32.ActiveCfg = Release|Win32
		{B12702AD-ABFB-343A-A199-8E24837244A3}.Release|Win32.Build.0 = Release|Win32
		{B12702AD-ABFB-343A-A199-8E24837244A3}.Release|x64.ActiveCfg = Release|Win32
		{C51DA629-7E1F-4211-91C6-54C980A70172}.Debug|Win32.ActiveCfg = Debug|Win32
		{C51DA629-7E1F-4211-91C6-54C980A70172}.Debug|Win32.Build.0 = Debug|Win32
		{C51DA629-7E1F-4211-91C6-54C980A70172}.Debug|x64.ActiveCfg = Debug|Win32
		{C51DA629-7E1F-4211-91C6-54C980A70172}.Release|Win32.ActiveCfg = Release|Win32
		{C51DA629-7E1F-4211-91C6-54C980A70172}.Release|Win32.Build.0 = Release|Win32
		{C51DA629-7E1F-4211-91C6-54C980A70172}.Release|x64.ActiveCfg = Release|Win32
		{10B12A6C-E0F4-4CF8-9DE2-1DC881A47DBD}.Debug|Win32.ActiveCfg = Debug|Win32
		{10B12A6C-E0F4-4CF8-9DE2-1DC881A47DBD}.Debug|Win32.Build.0 = Debug|Win32
		{10B12A6C-E0F4-4CF8-9DE2-1DC881A47DBD}.Debug|x64.ActiveCfg = Debug|Win32
		{10B12A6C-E0F4-4CF8-9DE2-1DC881A47DBD}.Release|Win32.ActiveCfg = Release|Win32
		{10B12A6C-E0F4-4CF8-9DE2-1DC881A47DBD}.Release|Win32.Build.0 = Release|Win32
		{10B12A6C-E0F4-4CF8-9DE2-1DC881A47DBD}.Release|x64.ActiveCfg = Release|Win32
		{719E7168-0726-41CB-8C97-113F0279FDB8}.Debug|Win32.ActiveCfg = Debug|Win32
		{719E7168-0726-41CB-8C97-113F0279FDB8}.Debug|Win32.Build.0 = Debug|Win32
		{719E7168-0726-41CB-8C97-113F0279FDB8}.Debug|x64.ActiveCfg = Debug|Win32
		{719E7168-0726-41CB-8C97-113F0279FDB8}.Release|Win32.ActiveCfg = Release|Win32
		{719E7168-0726-41CB-8C97-113F0279FDB8}.Release|Win32.Build.0 = Release|Win32
		{719E7168-0726-41CB-8C97-113F0279FDB8}.Release|x64.ActiveCfg = Release|Win32
		{97CCCA63-D9A1-4B89-B473-FC1385E3782E}.Debug|Win32.ActiveCfg = Debug|Win32
		{97CCCA63-D9A1-4B89-B473-FC1385E3782E}.Debug|Win32.Build.0 = Debug|Win32
		{97CCCA63-D9A1-4B89-B473-FC1385E3782E}.Debug|x64.ActiveCfg = Debug|Win32
		{97CCCA63-D9A1-4B89-B473-FC1385E3782E}.Release|Win32.ActiveCfg = Release|Win32
		{97CCCA63-D9A1-4B89-B473-FC1385E3782E}.Release|Win32.Build.0 = Release|Win32
		{97CCCA63-D9A1-4B89-B473-FC1385E3782E}.Release|x64.ActiveCfg = Release|Win32
		{3A2E1233-CA11-41E6-AEC0-8BE69721493B}.Debug|Win32.ActiveCfg = Debug|Win32
		{3A2E1233-CA11-41E6-AEC0-8BE69721493B}.Debug|Win32.Build.0 = Debug|Win32
		{3A2E1233-CA11-41E6-AEC0-8BE69721493B}.Debug|x64.ActiveCfg = Debug|Win32
		{3A2E1233-CA11-41E6-AEC0-8BE69721493B}.Release|Win32.ActiveCfg = Release|Win32
		{3A2E1233-CA11-41E6-AEC0-8BE69721493B}.Release|Win32.Build.0 = Release|Win32
		{3A2E1233-CA11-41E6-AEC0-8BE69721493B}.Release|x64.ActiveCfg = Release|Win32
		{1917E85B-C54C-4A57-8D29-DAC16021149E}.Debug|Win32.ActiveCfg = Debug|Win32
		{1917E85B-C54C-4A57-8D29-DAC16021149E}.Debug|Win32.Build.0 = Debug|Win32
		{1917E85B-C54C-4A57-8D29-DAC16021149E}.Debug|x64.ActiveCfg = Debug|Win32
		{1917E85B-C54C-4A57-8D29-DAC16021149E}.Release|Win32.ActiveCfg = Release|Win32
		{1917E85B-C54C-4A57-8D29-DAC16021149E}.Release|Win32.Build.0 = Release|Win32
		{1917E85B-C54C-4A57-8D29-DAC16021149E}.Release|x64.ActiveCfg = Release|Win32
		{72BF141A-129B-474B-B059-EF204CBD31F6}.Debug|Win32.ActiveCfg = Debug|Win32
		{72BF141A-129B-474B-B059-EF204CBD31F6}.Debug|Win32.Build.0 = Debug|Win32
		{72BF141A-129B-474B-B059-EF204CBD31F6}.Debug|x64.ActiveCfg = Debug|Win32
		{72BF141A-129B-474B-B059-EF204CBD31F6}.Release|Win32.ActiveCfg = Release|Win32
		{72BF141A-129B-474B-B059-EF204CBD31F6}.Release|Win32.Build.0 = Release|Win32
		{72BF141A-129B-474B-B059-EF204CBD31F6}.Release|x64.ActiveCfg = Release|Win32
		{5E911B8A-4BAF-4DEC-A87D-E517F53FDB57}.Debug|Win32.ActiveCfg = Debug|Win32
		{5E911B8A-4BAF-4DEC-A87D-E517F53FDB57}.Debug|Win32.Build.0 = Debug|Win32
		{5E911B8A-4BAF-4DEC-A87D-E517F53FDB57}.Debug|x64.ActiveCfg = Debug|Win32
		{5E911B8A-4BAF-4DEC-A87D-E517F53FDB57}.Release|Win32.ActiveCfg = Release|Win32
		{5E911B8A-4BAF-4DEC-A87D-E517F53FDB57}.Release|Win32.Build.0 = Release|Win32
		{5E911B8A-4BAF-4DEC-A87D-E517F53FDB57}.Release|x64.ActiveCfg = Release|Win32
		{5008DE61-78D7-4C8F-9CFC-B4B44F302C38}.Debug|Win32.ActiveCfg = Debug
		{5008DE61-78D7-4C8F-9CFC-B4B44F302C38}.Debug|Win32.Build.0 = Debug
		{5008DE61-78D7-4C8F-9CFC-B4B44F302C38}.Debug|x64.ActiveCfg = Debug
		{5008DE61-78D7-4C8F-9CFC-B4B44F302C38}.Debug|x64.Build.0 = Debug
		{5008DE61-78D7-4C8F-9CFC-B4B44F302C38}.Release|Win32.ActiveCfg = Release
		{5008DE61-78D7-4C8F-9CFC-B4B44F302C38}.Release|Win32.Build.0 = Release
		{5008DE61-78D7-4C8F-9CFC-B4B44F302C38}.Release|x64.ActiveCfg = Release
		{5008DE61-78D7-4C8F-9CFC-B4B44F302C38}.Release|x64.Build.0 = Release
		{49AB85CC-8CAE-4C1B-A17F-2EFE216A601E}.Debug|Win32.ActiveCfg = Debug|Win32
		{49AB85CC-8CAE-4C1B-A17F-2EFE216A601E}.Debug|Win32.Build.0 = Debug|Win32
		{49AB85CC-8CAE-4C1B-A17F-2EFE216A601E}.Debug|x64.ActiveCfg = Debug|Win32
		{49AB85CC-8CAE-4C1B-A17F-2EFE216A601E}.Release|Win32.ActiveCfg = Release|Win32
		{49AB85CC-8CAE-4C1B-A17F-2EFE216A601E}.Release|Win32.Build.0 = Release|Win32
		{49AB85CC-8CAE-4C1B-A17F-2EFE216A601E}.Release|x64.ActiveCfg = Release|Win32
		{F5B48F1C-0D02-4BD9-83E0-E1ACD569FEC2}.Debug|Win32.ActiveCfg = Debug|Win32
		{F5B48F1C-0D02-4BD9-83E0-E1ACD569FEC2}.Debug|Win32.Build.0 = Debug|Win32
		{F5B48F1C-0D02-4BD9-83E0-E1ACD569FEC2}.Debug|x64.ActiveCfg = Debug|Win32
		{F5B48F1C-0D02-4BD9-83E0-E1ACD569FEC2}.Release|Win32.ActiveCfg = Release|Win32
		{F5B48F1C-0D02-4BD9-83E0-E1ACD569FEC2}.Release|Win32.Build.0 = Release|Win32
		{F5B48F1C-0D02-4BD9-83E0-E1ACD569FEC2}.Release|x64.ActiveCfg = Release|Win32
		{7D8A83E2-8F45-4F90-9F84-F1120904E0CE}.Debug|Win32.ActiveCfg = Debug|Win32
		{7D8A83E2-8F45-4F90-9F84-F1120904E0CE}.Debug|Win32.Build.0 = Debug|Win32
		{7D8A83E2-8F45-4F90-9F84-F1120904E0CE}.Debug|x64.ActiveCfg = Debug|Win32
		{7D8A83E2-8F45-4F90-9F84-F1120904E0CE}.Release|Win32.ActiveCfg = Release|Win32
		{7D8A83E2-8F45-4F90-9F84-F1120904E0CE}.Release|Win32.Build.0 = Release|Win32
		{7D8A83E2-8F45-4F90-9F84-F1120904E0CE}.Release|x64.ActiveCfg = Release|Win32
		{5E827F64-EBFA-4D08-9C78-FF91E2BAB5A7}.Debug|Win32.ActiveCfg = Debug|Win32
		{5E827F64-EBFA-4D08-9C78-FF91E2BAB5A7}.Debug|Win32.Build.0 = Debug|Win32
		{5E827F64-EBFA-4D08-9C78-FF91E2BAB5A7}.Debug|x64.ActiveCfg = Debug|Win32
		{5E827F64-EBFA-4D08-9C78-FF91E2BAB5A7}.Release|Win32.ActiveCfg = Release|Win32
		{5E827F64-EBFA-4D08-9C78-FF91E2BAB5A7}.Release|Win32.Build.0 = Release|Win32
		{5E827F64-EBFA-4D08-9C78-FF91E2BAB5A7}.Release|x64.ActiveCfg = Release|Win32
		{968BAC27-C2A0-4012-81AA-19D57EE5FDCF}.Debug|Win32.ActiveCfg = Debug|Win32
		{968BAC27-C2A0-4012-81AA-19D57EE5FDCF}.Debug|Win32.Build.0 = Debug|Win32
		{968BAC27-C2A0-4012-81AA-19D57EE5FDCF}.Debug|x64.ActiveCfg = Debug|Win32
		{968BAC27-C2A0-4012-81AA-19D57EE5FDCF}.Release|Win32.ActiveCfg = Release|Win32
		{968BAC27-C2A0-4012-81AA-19D57EE5FDCF}.Release|Win32.Build.0 = Release|Win32
		{968BAC27-C2A0-4012-81AA-19D57EE5FDCF}.Release|x64.ActiveCfg = Release|Win32
		{34FA31BE-0730-47BC-809E-DB7FFBAA51C1}.Debug|Win32.ActiveCfg = Debug|Win32
		{34FA31BE-0730-47BC-809E-DB7FFBAA51C1}.Debug|Win32.Build.0 = Debug|Win32
		{34FA31BE-0730-47BC-809E-DB7FFBAA51C1}.Debug|x64.ActiveCfg = Debug|Win32
		{34FA31BE-0730-47BC-809E-DB7FFBAA51C1}.Release|Win32.ActiveCfg = Release|Win32
		{34FA31BE-0730-47BC-809E-DB7FFBAA51C1}.Release|Win32.Build.0 = Release|Win32
		{34FA31BE-0730-47BC-809E-DB7FFBAA51C1}.Release|x64.ActiveCfg = Release|Win32
	EndGlobalSection
	GlobalSection(SolutionProperties) = preSolution
		HideSolutionNode = FALSE
	EndGlobalSection
EndGlobal
