<?xml version="1.0" encoding="utf-8"?>
<Project ToolsVersion="4.0" xmlns="http://schemas.microsoft.com/developer/msbuild/2003">
  <ItemGroup>
    <Filter Include="Source Files">
      <UniqueIdentifier>{4FC737F1-C7A5-4376-A066-2A32D752A2FF}</UniqueIdentifier>
      <Extensions>cpp;c;cc;cxx;def;odl;idl;hpj;bat;asm;asmx</Extensions>
    </Filter>
    <Filter Include="Header Files">
      <UniqueIdentifier>{93995380-89BD-4b04-88EB-625FBE52EBFB}</UniqueIdentifier>
      <Extensions>h;hh;hpp;hxx;hm;inl;inc;xsd</Extensions>
    </Filter>
    <Filter Include="Resource Files">
      <UniqueIdentifier>{67DA6AB6-F800-4c08-8B7A-83BB121AAD01}</UniqueIdentifier>
      <Extensions>rc;ico;cur;bmp;dlg;rc2;rct;bin;rgs;gif;jpg;jpeg;jpe;resx;tiff;tif;png;wav;mfcribbon-ms</Extensions>
    </Filter>
    <Filter Include="Header Files\os">
      <UniqueIdentifier>{c2a6bb68-5e23-410d-b6e3-1e6c308eb307}</UniqueIdentifier>
    </Filter>
    <Filter Include="Header Files\io">
      <UniqueIdentifier>{d077ac03-bae2-4df9-a586-cdbb9d5a8c42}</UniqueIdentifier>
    </Filter>
    <Filter Include="Header Files\ctrl">
      <UniqueIdentifier>{a91f94b9-5fed-42a3-813d-4591235a7b39}</UniqueIdentifier>
    </Filter>
    <Filter Include="Header Files\data">
      <UniqueIdentifier>{706752e0-680e-40d1-8df9-c2894339c3df}</UniqueIdentifier>
    </Filter>
    <Filter Include="Source Files\ctrl">
      <UniqueIdentifier>{b5099382-21db-4832-8012-bc8bc4f90bee}</UniqueIdentifier>
    </Filter>
    <Filter Include="Source Files\data">
      <UniqueIdentifier>{72c359db-edf6-493c-baee-847502ac5922}</UniqueIdentifier>
    </Filter>
    <Filter Include="Source Files\io">
      <UniqueIdentifier>{59b2d33d-d691-4d1e-b58d-b8152ca20f6d}</UniqueIdentifier>
    </Filter>
    <Filter Include="Source Files\os">
      <UniqueIdentifier>{3bdb34d9-8e07-4944-a6ad-c9caa45cba40}</UniqueIdentifier>
    </Filter>
    <Filter Include="Header Files\io\file">
      <UniqueIdentifier>{be77534e-ba86-4212-b190-93565edf576d}</UniqueIdentifier>
    </Filter>
    <Filter Include="Header Files\io\gl">
      <UniqueIdentifier>{56ffe76b-f940-4cb0-bb5b-cb4e06966153}</UniqueIdentifier>
    </Filter>
    <Filter Include="Source Files\io\file">
      <UniqueIdentifier>{9c9d85fc-21bb-4ac4-8fc6-66b27dbe6875}</UniqueIdentifier>
    </Filter>
    <Filter Include="Source Files\io\gl">
      <UniqueIdentifier>{71dc6cc1-e698-4d87-9493-22ee69df617e}</UniqueIdentifier>
    </Filter>
    <Filter Include="Header Files\os\msw">
      <UniqueIdentifier>{99fd18bb-9cb5-4efb-8251-1b37340f29aa}</UniqueIdentifier>
    </Filter>
    <Filter Include="Source Files\os\msw">
      <UniqueIdentifier>{34ee3367-642b-46b6-b542-ca14787220ca}</UniqueIdentifier>
    </Filter>
  </ItemGroup>
  <ItemGroup>
    <Text Include="ReadMe.txt" />
  </ItemGroup>
  <ItemGroup>
    <ClInclude Include="stdafx.h">
      <Filter>Header Files</Filter>
    </ClInclude>
    <ClInclude Include="targetver.h">
      <Filter>Header Files</Filter>
    </ClInclude>
    <ClInclude Include="ANTzCore.h">
      <Filter>Header Files</Filter>
    </ClInclude>
    <ClInclude Include="npctrl.h">
      <Filter>Header Files</Filter>
    </ClInclude>
    <ClInclude Include="npdata.h">
      <Filter>Header Files</Filter>
    </ClInclude>
    <ClInclude Include="ctrl\npengine.h">
      <Filter>Header Files\ctrl</Filter>
    </ClInclude>
    <ClInclude Include="data\npmap.h">
      <Filter>Header Files\data</Filter>
    </ClInclude>
    <ClInclude Include="data\npmapfile.h">
      <Filter>Header Files\data</Filter>
    </ClInclude>
    <ClInclude Include="data\npmath.h">
      <Filter>Header Files\data</Filter>
    </ClInclude>
    <ClInclude Include="data\npnode.h">
      <Filter>Header Files\data</Filter>
    </ClInclude>
    <ClInclude Include="data\npstr.h">
      <Filter>Header Files\data</Filter>
    </ClInclude>
    <ClInclude Include="data\nptypes.h">
      <Filter>Header Files\data</Filter>
    </ClInclude>
    <ClInclude Include="data\stdbool.h">
      <Filter>Header Files\data</Filter>
    </ClInclude>
    <ClInclude Include="io\npch.h">
      <Filter>Header Files\io</Filter>
    </ClInclude>
    <ClInclude Include="io\npconsole.h">
      <Filter>Header Files\io</Filter>
    </ClInclude>
    <ClInclude Include="io\npdb.h">
      <Filter>Header Files\io</Filter>
    </ClInclude>
    <ClInclude Include="io\npfile.h">
      <Filter>Header Files\io</Filter>
    </ClInclude>
    <ClInclude Include="io\npgl.h">
      <Filter>Header Files\io</Filter>
    </ClInclude>
    <ClInclude Include="io\watchtools.h">
      <Filter>Header Files\io</Filter>
    </ClInclude>
    <ClInclude Include="io\file\npcsv.h">
      <Filter>Header Files\io\file</Filter>
    </ClInclude>
    <ClInclude Include="io\gl\npcolor.h">
      <Filter>Header Files\io\gl</Filter>
    </ClInclude>
    <ClInclude Include="io\gl\npgeometry.h">
      <Filter>Header Files\io\gl</Filter>
    </ClInclude>
    <ClInclude Include="io\gl\npgldraw.h">
      <Filter>Header Files\io\gl</Filter>
    </ClInclude>
    <ClInclude Include="io\gl\nptexmap.h">
      <Filter>Header Files\io\gl</Filter>
    </ClInclude>
    <ClInclude Include="os\npos.h">
      <Filter>Header Files\os</Filter>
    </ClInclude>
    <ClInclude Include="npui.h">
      <Filter>Header Files\io</Filter>
    </ClInclude>
    <ClInclude Include="io\gl\nptags.h">
      <Filter>Header Files\io\gl</Filter>
    </ClInclude>
  </ItemGroup>
  <ItemGroup>
    <ClCompile Include="stdafx.cpp">
      <Filter>Source Files</Filter>
    </ClCompile>
    <ClCompile Include="dllmain.cpp">
      <Filter>Source Files</Filter>
    </ClCompile>
    <ClCompile Include="npctrl.c">
      <Filter>Source Files</Filter>
    </ClCompile>
    <ClCompile Include="npdata.c">
      <Filter>Source Files</Filter>
    </ClCompile>
    <ClCompile Include="ctrl\npengine.c">
      <Filter>Source Files\ctrl</Filter>
    </ClCompile>
    <ClCompile Include="data\npmap.c">
      <Filter>Source Files\data</Filter>
    </ClCompile>
    <ClCompile Include="data\npmapfile.c">
      <Filter>Source Files\data</Filter>
    </ClCompile>
    <ClCompile Include="data\npmath.c">
      <Filter>Source Files\data</Filter>
    </ClCompile>
    <ClCompile Include="data\npnode.c">
      <Filter>Source Files\data</Filter>
    </ClCompile>
    <ClCompile Include="data\npstr.c">
      <Filter>Source Files\data</Filter>
    </ClCompile>
    <ClCompile Include="io\npch.c">
      <Filter>Source Files\io</Filter>
    </ClCompile>
    <ClCompile Include="io\npconsole.c">
      <Filter>Source Files\io</Filter>
    </ClCompile>
    <ClCompile Include="io\npfile.c">
      <Filter>Source Files\io</Filter>
    </ClCompile>
    <ClCompile Include="io\npgl.c">
      <Filter>Source Files\io</Filter>
    </ClCompile>
    <ClCompile Include="io\file\npcsv.c">
      <Filter>Source Files\io\file</Filter>
    </ClCompile>
    <ClCompile Include="io\gl\npcolor.c">
      <Filter>Source Files\io\gl</Filter>
    </ClCompile>
    <ClCompile Include="io\gl\npgeometry.c">
      <Filter>Source Files\io\gl</Filter>
    </ClCompile>
    <ClCompile Include="io\gl\npgldraw.c">
      <Filter>Source Files\io\gl</Filter>
    </ClCompile>
    <ClCompile Include="io\gl\nptexmap.c">
      <Filter>Source Files\io\gl</Filter>
    </ClCompile>
    <ClCompile Include="os\msw\npos.c">
      <Filter>Source Files\os\msw</Filter>
    </ClCompile>
    <ClCompile Include="io\gl\nptags.c">
      <Filter>Source Files\io\gl</Filter>
    </ClCompile>
    <ClCompile Include="npui.c">
      <Filter>Source Files</Filter>
    </ClCompile>
  </ItemGroup>
</Project>