<?xml version="1.0" encoding="utf-8"?>
<Project ToolsVersion="4.0" xmlns="http://schemas.microsoft.com/developer/msbuild/2003">
  <ItemGroup>
    <Filter Include="Source Files">
      <UniqueIdentifier>{4FC737F1-C7A5-4376-A066-2A32D752A2FF}</UniqueIdentifier>
      <Extensions>cpp;cxx;c;def</Extensions>
    </Filter>
    <Filter Include="Header Files">
      <UniqueIdentifier>{93995380-89BD-4b04-88EB-625FBE52EBFB}</UniqueIdentifier>
      <Extensions>h</Extensions>
    </Filter>
    <Filter Include="Form Files">
      <UniqueIdentifier>{99349809-55BA-4b9d-BF79-8FDBB0286EB3}</UniqueIdentifier>
      <Extensions>ui</Extensions>
    </Filter>
    <Filter Include="Resource Files">
      <UniqueIdentifier>{D9D6E242-F8AF-46E4-B9FD-80ECBC20BA3E}</UniqueIdentifier>
      <Extensions>qrc;*</Extensions>
      <ParseFiles>false</ParseFiles>
    </Filter>
    <Filter Include="Generated Files">
      <UniqueIdentifier>{71ED8ED8-ACB9-4CE9-BBE1-E00B30144E11}</UniqueIdentifier>
      <Extensions>moc;h;cpp</Extensions>
      <SourceControlFiles>False</SourceControlFiles>
    </Filter>
    <Filter Include="Generated Files\Debug_Win32">
      <UniqueIdentifier>{3868db49-b8f9-413f-ae96-2085a9e1b553}</UniqueIdentifier>
      <Extensions>cpp;moc</Extensions>
      <SourceControlFiles>False</SourceControlFiles>
    </Filter>
    <Filter Include="Generated Files\Release_Win32">
      <UniqueIdentifier>{6711daee-9edb-4cf7-9114-a208c65d854a}</UniqueIdentifier>
      <Extensions>cpp;moc</Extensions>
      <SourceControlFiles>False</SourceControlFiles>
    </Filter>
  </ItemGroup>
  <ItemGroup>
    <ClCompile Include="GeneratedFiles\qrc_glyphed.cpp">
      <Filter>Generated Files</Filter>
    </ClCompile>
    <ClCompile Include="..\..\gui\GlyphViewer\antzimportdialog.cpp">
      <Filter>Source Files</Filter>
    </ClCompile>
    <ClCompile Include="..\..\gui\GlyphViewer\cachemanager.cpp">
      <Filter>Source Files</Filter>
    </ClCompile>
    <ClCompile Include="..\..\gui\GlyphViewer\DistinctValueFilteringParameters.cpp">
      <Filter>Source Files</Filter>
    </ClCompile>
    <ClCompile Include="..\..\gui\GlyphViewer\filteredsourcedatawidget.cpp">
      <Filter>Source Files</Filter>
    </ClCompile>
    <ClCompile Include="..\..\gui\GlyphViewer\filteringmanager.cpp">
      <Filter>Source Files</Filter>
    </ClCompile>
    <ClCompile Include="..\..\gui\GlyphViewer\filteringparameters.cpp">
      <Filter>Source Files</Filter>
    </ClCompile>
    <ClCompile Include="..\..\gui\GlyphViewer\FilteringTable.cpp">
      <Filter>Source Files</Filter>
    </ClCompile>
    <ClCompile Include="..\..\gui\GlyphViewer\filteringwidget.cpp">
      <Filter>Source Files</Filter>
    </ClCompile>
    <ClCompile Include="..\..\gui\GlyphViewer\glyphpropertieswidgetscontainer.cpp">
      <Filter>Source Files</Filter>
    </ClCompile>
    <ClCompile Include="..\..\gui\GlyphViewer\glyphvieweroptions.cpp">
      <Filter>Source Files</Filter>
    </ClCompile>
    <ClCompile Include="..\..\gui\GlyphViewer\glyphviewerwindow.cpp">
      <Filter>Source Files</Filter>
    </ClCompile>
    <ClCompile Include="..\..\gui\GlyphViewer\GVGlobal.cpp">
      <Filter>Source Files</Filter>
    </ClCompile>
    <ClCompile Include="..\..\gui\GlyphViewer\GVServices.cpp">
      <Filter>Source Files</Filter>
    </ClCompile>
    <ClCompile Include="..\..\gui\GlyphViewer\HomePageWidget.cpp">
      <Filter>Source Files</Filter>
    </ClCompile>
    <ClCompile Include="..\..\gui\GlyphViewer\keywordfilter.cpp">
      <Filter>Source Files</Filter>
    </ClCompile>
    <ClCompile Include="..\..\gui\GlyphViewer\keywordfilterlistwidget.cpp">
      <Filter>Source Files</Filter>
    </ClCompile>
    <ClCompile Include="..\..\gui\GlyphViewer\keywordfilterwidget.cpp">
      <Filter>Source Files</Filter>
    </ClCompile>
    <ClCompile Include="..\..\gui\GlyphViewer\legendsdisplaywidget.cpp">
      <Filter>Source Files</Filter>
    </ClCompile>
    <ClCompile Include="..\..\gui\GlyphViewer\linkedwidgetsmanager.cpp">
      <Filter>Source Files</Filter>
    </ClCompile>
    <ClCompile Include="..\..\gui\GlyphViewer\LoadingFilterDialog.cpp">
      <Filter>Source Files</Filter>
    </ClCompile>
    <ClCompile Include="..\..\gui\GlyphViewer\LoadingFilterWidget.cpp">
      <Filter>Source Files</Filter>
    </ClCompile>
    <ClCompile Include="..\..\gui\GlyphViewer\multitableelasticlistswidget.cpp">
      <Filter>Source Files</Filter>
    </ClCompile>
    <ClCompile Include="..\..\gui\GlyphViewer\optionswidget.cpp">
      <Filter>Source Files</Filter>
    </ClCompile>
    <ClCompile Include="..\..\gui\GlyphViewer\pseudotimefilterwidget.cpp">
      <Filter>Source Files</Filter>
    </ClCompile>
    <ClCompile Include="..\..\gui\GlyphViewer\rangefilterlistwidget.cpp">
      <Filter>Source Files</Filter>
    </ClCompile>
    <ClCompile Include="..\..\gui\GlyphViewer\remapdialog.cpp">
      <Filter>Source Files</Filter>
    </ClCompile>
    <ClCompile Include="..\..\gui\GlyphViewer\selectedsourcedatawidget.cpp">
      <Filter>Source Files</Filter>
    </ClCompile>
    <ClCompile Include="..\..\gui\GlyphViewer\SharedVisualizationsWidget.cpp">
      <Filter>Source Files</Filter>
    </ClCompile>
    <ClCompile Include="..\..\gui\GlyphViewer\singletableelasticlistswidget.cpp">
      <Filter>Source Files</Filter>
    </ClCompile>
    <ClCompile Include="..\..\gui\GlyphViewer\sourcedatacache.cpp">
      <Filter>Source Files</Filter>
    </ClCompile>
    <ClCompile Include="..\..\gui\GlyphViewer\sourcedatainfomodel.cpp">
      <Filter>Source Files</Filter>
    </ClCompile>
    <ClCompile Include="..\..\gui\GlyphViewer\SourceDataTableModel.cpp">
      <Filter>Source Files</Filter>
    </ClCompile>
    <ClCompile Include="..\..\gui\GlyphViewer\sourcedatawidget.cpp">
      <Filter>Source Files</Filter>
    </ClCompile>
    <ClCompile Include="..\..\gui\GlyphViewer\syncprogressdialog.cpp">
      <Filter>Source Files</Filter>
    </ClCompile>
    <ClCompile Include="..\..\gui\GlyphViewer\userlogindialog.cpp">
      <Filter>Source Files</Filter>
    </ClCompile>
    <ClCompile Include="GeneratedFiles\Win32\Debug\moc_antzimportdialog.cpp">
      <Filter>Generated Files\Debug_Win32</Filter>
    </ClCompile>
    <ClCompile Include="GeneratedFiles\Win32\Release\moc_antzimportdialog.cpp">
      <Filter>Generated Files\Release_Win32</Filter>
    </ClCompile>
    <ClCompile Include="GeneratedFiles\Win32\Debug\moc_filteredsourcedatawidget.cpp">
      <Filter>Generated Files\Debug_Win32</Filter>
    </ClCompile>
    <ClCompile Include="GeneratedFiles\Win32\Release\moc_filteredsourcedatawidget.cpp">
      <Filter>Generated Files\Release_Win32</Filter>
    </ClCompile>
    <ClCompile Include="GeneratedFiles\Win32\Debug\moc_filteringmanager.cpp">
      <Filter>Generated Files\Debug_Win32</Filter>
    </ClCompile>
    <ClCompile Include="GeneratedFiles\Win32\Release\moc_filteringmanager.cpp">
      <Filter>Generated Files\Release_Win32</Filter>
    </ClCompile>
    <ClCompile Include="GeneratedFiles\Win32\Debug\moc_FilteringTable.cpp">
      <Filter>Generated Files\Debug_Win32</Filter>
    </ClCompile>
    <ClCompile Include="GeneratedFiles\Win32\Release\moc_FilteringTable.cpp">
      <Filter>Generated Files\Release_Win32</Filter>
    </ClCompile>
    <ClCompile Include="GeneratedFiles\Win32\Debug\moc_filteringwidget.cpp">
      <Filter>Generated Files\Debug_Win32</Filter>
    </ClCompile>
    <ClCompile Include="GeneratedFiles\Win32\Release\moc_filteringwidget.cpp">
      <Filter>Generated Files\Release_Win32</Filter>
    </ClCompile>
    <ClCompile Include="GeneratedFiles\Win32\Debug\moc_glyphpropertieswidgetscontainer.cpp">
      <Filter>Generated Files\Debug_Win32</Filter>
    </ClCompile>
    <ClCompile Include="GeneratedFiles\Win32\Release\moc_glyphpropertieswidgetscontainer.cpp">
      <Filter>Generated Files\Release_Win32</Filter>
    </ClCompile>
    <ClCompile Include="GeneratedFiles\Win32\Debug\moc_glyphviewerwindow.cpp">
      <Filter>Generated Files\Debug_Win32</Filter>
    </ClCompile>
    <ClCompile Include="GeneratedFiles\Win32\Release\moc_glyphviewerwindow.cpp">
      <Filter>Generated Files\Release_Win32</Filter>
    </ClCompile>
    <ClCompile Include="GeneratedFiles\Win32\Debug\moc_HomePageWidget.cpp">
      <Filter>Generated Files\Debug_Win32</Filter>
    </ClCompile>
    <ClCompile Include="GeneratedFiles\Win32\Release\moc_HomePageWidget.cpp">
      <Filter>Generated Files\Release_Win32</Filter>
    </ClCompile>
    <ClCompile Include="GeneratedFiles\Win32\Debug\moc_keywordfilterlistwidget.cpp">
      <Filter>Generated Files\Debug_Win32</Filter>
    </ClCompile>
    <ClCompile Include="GeneratedFiles\Win32\Release\moc_keywordfilterlistwidget.cpp">
      <Filter>Generated Files\Release_Win32</Filter>
    </ClCompile>
    <ClCompile Include="GeneratedFiles\Win32\Debug\moc_keywordfilterwidget.cpp">
      <Filter>Generated Files\Debug_Win32</Filter>
    </ClCompile>
    <ClCompile Include="GeneratedFiles\Win32\Release\moc_keywordfilterwidget.cpp">
      <Filter>Generated Files\Release_Win32</Filter>
    </ClCompile>
    <ClCompile Include="GeneratedFiles\Win32\Debug\moc_legendsdisplaywidget.cpp">
      <Filter>Generated Files\Debug_Win32</Filter>
    </ClCompile>
    <ClCompile Include="GeneratedFiles\Win32\Release\moc_legendsdisplaywidget.cpp">
      <Filter>Generated Files\Release_Win32</Filter>
    </ClCompile>
    <ClCompile Include="GeneratedFiles\Win32\Debug\moc_linkedwidgetsmanager.cpp">
      <Filter>Generated Files\Debug_Win32</Filter>
    </ClCompile>
    <ClCompile Include="GeneratedFiles\Win32\Release\moc_linkedwidgetsmanager.cpp">
      <Filter>Generated Files\Release_Win32</Filter>
    </ClCompile>
    <ClCompile Include="GeneratedFiles\Win32\Debug\moc_LoadingFilterDialog.cpp">
      <Filter>Generated Files\Debug_Win32</Filter>
    </ClCompile>
    <ClCompile Include="GeneratedFiles\Win32\Release\moc_LoadingFilterDialog.cpp">
      <Filter>Generated Files\Release_Win32</Filter>
    </ClCompile>
    <ClCompile Include="GeneratedFiles\Win32\Debug\moc_LoadingFilterWidget.cpp">
      <Filter>Generated Files\Debug_Win32</Filter>
    </ClCompile>
    <ClCompile Include="GeneratedFiles\Win32\Release\moc_LoadingFilterWidget.cpp">
      <Filter>Generated Files\Release_Win32</Filter>
    </ClCompile>
    <ClCompile Include="GeneratedFiles\Win32\Debug\moc_multitableelasticlistswidget.cpp">
      <Filter>Generated Files\Debug_Win32</Filter>
    </ClCompile>
    <ClCompile Include="GeneratedFiles\Win32\Release\moc_multitableelasticlistswidget.cpp">
      <Filter>Generated Files\Release_Win32</Filter>
    </ClCompile>
    <ClCompile Include="GeneratedFiles\Win32\Debug\moc_optionswidget.cpp">
      <Filter>Generated Files\Debug_Win32</Filter>
    </ClCompile>
    <ClCompile Include="GeneratedFiles\Win32\Release\moc_optionswidget.cpp">
      <Filter>Generated Files\Release_Win32</Filter>
    </ClCompile>
    <ClCompile Include="GeneratedFiles\Win32\Debug\moc_pseudotimefilterwidget.cpp">
      <Filter>Generated Files\Debug_Win32</Filter>
    </ClCompile>
    <ClCompile Include="GeneratedFiles\Win32\Release\moc_pseudotimefilterwidget.cpp">
      <Filter>Generated Files\Release_Win32</Filter>
    </ClCompile>
    <ClCompile Include="GeneratedFiles\Win32\Debug\moc_rangefilterlistwidget.cpp">
      <Filter>Generated Files\Debug_Win32</Filter>
    </ClCompile>
    <ClCompile Include="GeneratedFiles\Win32\Release\moc_rangefilterlistwidget.cpp">
      <Filter>Generated Files\Release_Win32</Filter>
    </ClCompile>
    <ClCompile Include="GeneratedFiles\Win32\Debug\moc_remapdialog.cpp">
      <Filter>Generated Files\Debug_Win32</Filter>
    </ClCompile>
    <ClCompile Include="GeneratedFiles\Win32\Release\moc_remapdialog.cpp">
      <Filter>Generated Files\Release_Win32</Filter>
    </ClCompile>
    <ClCompile Include="GeneratedFiles\Win32\Debug\moc_selectedsourcedatawidget.cpp">
      <Filter>Generated Files\Debug_Win32</Filter>
    </ClCompile>
    <ClCompile Include="GeneratedFiles\Win32\Release\moc_selectedsourcedatawidget.cpp">
      <Filter>Generated Files\Release_Win32</Filter>
    </ClCompile>
    <ClCompile Include="GeneratedFiles\Win32\Debug\moc_SharedVisualizationsWidget.cpp">
      <Filter>Generated Files\Debug_Win32</Filter>
    </ClCompile>
    <ClCompile Include="GeneratedFiles\Win32\Release\moc_SharedVisualizationsWidget.cpp">
      <Filter>Generated Files\Release_Win32</Filter>
    </ClCompile>
    <ClCompile Include="GeneratedFiles\Win32\Debug\moc_singletableelasticlistswidget.cpp">
      <Filter>Generated Files\Debug_Win32</Filter>
    </ClCompile>
    <ClCompile Include="GeneratedFiles\Win32\Release\moc_singletableelasticlistswidget.cpp">
      <Filter>Generated Files\Release_Win32</Filter>
    </ClCompile>
    <ClCompile Include="GeneratedFiles\Win32\Debug\moc_sourcedatainfomodel.cpp">
      <Filter>Generated Files\Debug_Win32</Filter>
    </ClCompile>
    <ClCompile Include="GeneratedFiles\Win32\Release\moc_sourcedatainfomodel.cpp">
      <Filter>Generated Files\Release_Win32</Filter>
    </ClCompile>
    <ClCompile Include="GeneratedFiles\Win32\Debug\moc_SourceDataTableModel.cpp">
      <Filter>Generated Files\Debug_Win32</Filter>
    </ClCompile>
    <ClCompile Include="GeneratedFiles\Win32\Release\moc_SourceDataTableModel.cpp">
      <Filter>Generated Files\Release_Win32</Filter>
    </ClCompile>
    <ClCompile Include="GeneratedFiles\Win32\Debug\moc_sourcedatawidget.cpp">
      <Filter>Generated Files\Debug_Win32</Filter>
    </ClCompile>
    <ClCompile Include="GeneratedFiles\Win32\Release\moc_sourcedatawidget.cpp">
      <Filter>Generated Files\Release_Win32</Filter>
    </ClCompile>
    <ClCompile Include="GeneratedFiles\Win32\Debug\moc_syncprogressdialog.cpp">
      <Filter>Generated Files\Debug_Win32</Filter>
    </ClCompile>
    <ClCompile Include="GeneratedFiles\Win32\Release\moc_syncprogressdialog.cpp">
      <Filter>Generated Files\Release_Win32</Filter>
    </ClCompile>
    <ClCompile Include="GeneratedFiles\Win32\Debug\moc_userlogindialog.cpp">
      <Filter>Generated Files\Debug_Win32</Filter>
    </ClCompile>
    <ClCompile Include="GeneratedFiles\Win32\Release\moc_userlogindialog.cpp">
      <Filter>Generated Files\Release_Win32</Filter>
    </ClCompile>
    <ClCompile Include="..\..\gui\GlyphViewer\main.cpp">
      <Filter>Source Files</Filter>
    </ClCompile>
  </ItemGroup>
  <ItemGroup>
    <CustomBuild Include="glyphed.qrc">
      <Filter>Resource Files</Filter>
    </CustomBuild>
    <CustomBuild Include="..\..\gui\GlyphViewer\antzimportdialog.h">
      <Filter>Header Files</Filter>
    </CustomBuild>
    <CustomBuild Include="..\..\gui\GlyphViewer\filteredsourcedatawidget.h">
      <Filter>Header Files</Filter>
    </CustomBuild>
    <CustomBuild Include="..\..\gui\GlyphViewer\filteringmanager.h">
      <Filter>Header Files</Filter>
    </CustomBuild>
    <CustomBuild Include="..\..\gui\GlyphViewer\FilteringTable.h">
      <Filter>Header Files</Filter>
    </CustomBuild>
    <CustomBuild Include="..\..\gui\GlyphViewer\filteringwidget.h">
      <Filter>Header Files</Filter>
    </CustomBuild>
    <CustomBuild Include="..\..\gui\GlyphViewer\glyphpropertieswidgetscontainer.h">
      <Filter>Header Files</Filter>
    </CustomBuild>
    <CustomBuild Include="..\..\gui\GlyphViewer\glyphviewerwindow.h">
      <Filter>Header Files</Filter>
    </CustomBuild>
    <CustomBuild Include="..\..\gui\GlyphViewer\HomePageWidget.h">
      <Filter>Header Files</Filter>
    </CustomBuild>
    <CustomBuild Include="..\..\gui\GlyphViewer\keywordfilterlistwidget.h">
      <Filter>Header Files</Filter>
    </CustomBuild>
    <CustomBuild Include="..\..\gui\GlyphViewer\keywordfilterwidget.h">
      <Filter>Header Files</Filter>
    </CustomBuild>
    <CustomBuild Include="..\..\gui\GlyphViewer\legendsdisplaywidget.h">
      <Filter>Header Files</Filter>
    </CustomBuild>
    <CustomBuild Include="..\..\gui\GlyphViewer\linkedwidgetsmanager.h">
      <Filter>Header Files</Filter>
    </CustomBuild>
    <CustomBuild Include="..\..\gui\GlyphViewer\LoadingFilterDialog.h">
      <Filter>Header Files</Filter>
    </CustomBuild>
    <CustomBuild Include="..\..\gui\GlyphViewer\LoadingFilterWidget.h">
      <Filter>Header Files</Filter>
    </CustomBuild>
    <CustomBuild Include="..\..\gui\GlyphViewer\multitableelasticlistswidget.h">
      <Filter>Header Files</Filter>
    </CustomBuild>
    <CustomBuild Include="..\..\gui\GlyphViewer\optionswidget.h">
      <Filter>Header Files</Filter>
    </CustomBuild>
    <CustomBuild Include="..\..\gui\GlyphViewer\pseudotimefilterwidget.h">
      <Filter>Header Files</Filter>
    </CustomBuild>
    <CustomBuild Include="..\..\gui\GlyphViewer\rangefilterlistwidget.h">
      <Filter>Header Files</Filter>
    </CustomBuild>
    <CustomBuild Include="..\..\gui\GlyphViewer\remapdialog.h">
      <Filter>Header Files</Filter>
    </CustomBuild>
    <CustomBuild Include="..\..\gui\GlyphViewer\selectedsourcedatawidget.h">
      <Filter>Header Files</Filter>
    </CustomBuild>
    <CustomBuild Include="..\..\gui\GlyphViewer\SharedVisualizationsWidget.h">
      <Filter>Header Files</Filter>
    </CustomBuild>
    <CustomBuild Include="..\..\gui\GlyphViewer\singletableelasticlistswidget.h">
      <Filter>Header Files</Filter>
    </CustomBuild>
    <CustomBuild Include="..\..\gui\GlyphViewer\sourcedatainfomodel.h">
      <Filter>Header Files</Filter>
    </CustomBuild>
    <CustomBuild Include="..\..\gui\GlyphViewer\SourceDataTableModel.h">
      <Filter>Header Files</Filter>
    </CustomBuild>
    <CustomBuild Include="..\..\gui\GlyphViewer\sourcedatawidget.h">
      <Filter>Header Files</Filter>
    </CustomBuild>
    <CustomBuild Include="..\..\gui\GlyphViewer\syncprogressdialog.h">
      <Filter>Header Files</Filter>
    </CustomBuild>
    <CustomBuild Include="..\..\gui\GlyphViewer\userlogindialog.h">
      <Filter>Header Files</Filter>
    </CustomBuild>
  </ItemGroup>
  <ItemGroup>
    <ResourceCompile Include="GlyphEd.rc" />
  </ItemGroup>
  <ItemGroup>
    <ClInclude Include="..\..\gui\GlyphViewer\cachemanager.h">
      <Filter>Header Files</Filter>
    </ClInclude>
    <ClInclude Include="..\..\gui\GlyphViewer\DistinctValueFilteringParameters.h">
      <Filter>Header Files</Filter>
    </ClInclude>
    <ClInclude Include="..\..\gui\GlyphViewer\filteringparameters.h">
      <Filter>Header Files</Filter>
    </ClInclude>
    <ClInclude Include="..\..\gui\GlyphViewer\glyphvieweroptions.h">
      <Filter>Header Files</Filter>
    </ClInclude>
    <ClInclude Include="..\..\gui\GlyphViewer\GVGlobal.h">
      <Filter>Header Files</Filter>
    </ClInclude>
    <ClInclude Include="..\..\gui\GlyphViewer\GVServices.h">
      <Filter>Header Files</Filter>
    </ClInclude>
    <ClInclude Include="..\..\gui\GlyphViewer\keywordfilter.h">
      <Filter>Header Files</Filter>
    </ClInclude>
    <ClInclude Include="..\..\gui\GlyphViewer\sourcedatacache.h">
      <Filter>Header Files</Filter>
    </ClInclude>
  </ItemGroup>
  <ItemGroup>
    <None Include="..\..\gui\GlyphViewer\Resources\glyphed_stylesheet.qss">
      <Filter>Resource Files</Filter>
    </None>
  </ItemGroup>
  <ItemGroup>
    <Image Include="..\..\gui\GlyphViewer\Resources\icon-close-viz.png">
      <Filter>Resource Files</Filter>
    </Image>
    <Image Include="..\..\gui\GlyphViewer\Resources\rotate_down.png">
      <Filter>Resource Files</Filter>
    </Image>
    <Image Include="..\..\gui\GlyphViewer\Resources\rotate_left.png">
      <Filter>Resource Files</Filter>
    </Image>
    <Image Include="..\..\gui\GlyphViewer\Resources\rotate_right.png">
      <Filter>Resource Files</Filter>
    </Image>
    <Image Include="..\..\gui\GlyphViewer\Resources\rotate_up.png">
      <Filter>Resource Files</Filter>
    </Image>
  </ItemGroup>
</Project>