
Microsoft Visual Studio Solution File, Format Version 12.00
# Visual Studio 2013
VisualStudioVersion = 12.0.30501.0
MinimumVisualStudioVersion = 10.0.40219.1
Project("{8BC9CEB8-8B4A-11D0-8D11-00A0C91BC942}") = "SGXGUI", "..\SGXGUI\SGXGUI.vcxproj", "{6F25F9F4-52F6-4734-8DA7-9EE08491444D}"
EndProject
Project("{8BC9CEB8-8B4A-11D0-8D11-00A0C91BC942}") = "GlyphDesigner", "GlyphDesigner.vcxproj", "{B12702AD-ABFB-343A-A199-8E24837244A3}"
	ProjectSection(ProjectDependencies) = postProject
		{5E827F64-EBFA-4D08-9C78-FF91E2BAB5A7} = {5E827F64-EBFA-4D08-9C78-FF91E2BAB5A7}
		{7D8A83E2-8F45-4F90-9F84-F1120904E0CE} = {7D8A83E2-8F45-4F90-9F84-F1120904E0CE}
		{6F25F9F4-52F6-4734-8DA7-9EE08491444D} = {6F25F9F4-52F6-4734-8DA7-9EE08491444D}
	EndProjectSection
EndProject
Project("{8BC9CEB8-8B4A-11D0-8D11-00A0C91BC942}") = "ANTzCore", "..\..\ANTzPlus\ANTzCore\ANTzCore.vcxproj", "{7D8A83E2-8F45-4F90-9F84-F1120904E0CE}"
EndProject
Project("{8BC9CEB8-8B4A-11D0-8D11-00A0C91BC942}") = "ANTzBridge", "..\..\ANTzPlus\ANTzBridge\ANTzBridge.vcxproj", "{5E827F64-EBFA-4D08-9C78-FF91E2BAB5A7}"
	ProjectSection(ProjectDependencies) = postProject
		{7D8A83E2-8F45-4F90-9F84-F1120904E0CE} = {7D8A83E2-8F45-4F90-9F84-F1120904E0CE}
	EndProjectSection
EndProject
Project("{8BC9CEB8-8B4A-11D0-8D11-00A0C91BC942}") = "SGXFoundation", "..\..\Core\SGXFoundation\SGXFoundation.vcxproj", "{1917E85B-C54C-4A57-8D29-DAC16021149E}"
EndProject
Global
	GlobalSection(SolutionConfigurationPlatforms) = preSolution
		Debug|Win32 = Debug|Win32
		Release|Win32 = Release|Win32
	EndGlobalSection
	GlobalSection(ProjectConfigurationPlatforms) = postSolution
		{6F25F9F4-52F6-4734-8DA7-9EE08491444D}.Debug|Win32.ActiveCfg = Debug|Win32
		{6F25F9F4-52F6-4734-8DA7-9EE08491444D}.Debug|Win32.Build.0 = Debug|Win32
		{6F25F9F4-52F6-4734-8DA7-9EE08491444D}.Release|Win32.ActiveCfg = Release|Win32
		{6F25F9F4-52F6-4734-8DA7-9EE08491444D}.Release|Win32.Build.0 = Release|Win32
		{B12702AD-ABFB-343A-A199-8E24837244A3}.Debug|Win32.ActiveCfg = Debug|Win32
		{B12702AD-ABFB-343A-A199-8E24837244A3}.Debug|Win32.Build.0 = Debug|Win32
		{B12702AD-ABFB-343A-A199-8E24837244A3}.Release|Win32.ActiveCfg = Release|Win32
		{B12702AD-ABFB-343A-A199-8E24837244A3}.Release|Win32.Build.0 = Release|Win32
		{7D8A83E2-8F45-4F90-9F84-F1120904E0CE}.Debug|Win32.ActiveCfg = Debug|Win32
		{7D8A83E2-8F45-4F90-9F84-F1120904E0CE}.Debug|Win32.Build.0 = Debug|Win32
		{7D8A83E2-8F45-4F90-9F84-F1120904E0CE}.Release|Win32.ActiveCfg = Release|Win32
		{7D8A83E2-8F45-4F90-9F84-F1120904E0CE}.Release|Win32.Build.0 = Release|Win32
		{5E827F64-EBFA-4D08-9C78-FF91E2BAB5A7}.Debug|Win32.ActiveCfg = Debug|Win32
		{5E827F64-EBFA-4D08-9C78-FF91E2BAB5A7}.Debug|Win32.Build.0 = Debug|Win32
		{5E827F64-EBFA-4D08-9C78-FF91E2BAB5A7}.Release|Win32.ActiveCfg = Release|Win32
		{5E827F64-EBFA-4D08-9C78-FF91E2BAB5A7}.Release|Win32.Build.0 = Release|Win32
		{1917E85B-C54C-4A57-8D29-DAC16021149E}.Debug|Win32.ActiveCfg = Debug|Win32
		{1917E85B-C54C-4A57-8D29-DAC16021149E}.Debug|Win32.Build.0 = Debug|Win32
		{1917E85B-C54C-4A57-8D29-DAC16021149E}.Release|Win32.ActiveCfg = Release|Win32
		{1917E85B-C54C-4A57-8D29-DAC16021149E}.Release|Win32.Build.0 = Release|Win32
	EndGlobalSection
	GlobalSection(SolutionProperties) = preSolution
		HideSolutionNode = FALSE
	EndGlobalSection
EndGlobal
