
Microsoft Visual Studio Solution File, Format Version 12.00
# Visual Studio 2013
VisualStudioVersion = 12.0.31101.0
MinimumVisualStudioVersion = 10.0.40219.1
Project("{8BC9CEB8-8B4A-11D0-8D11-00A0C91BC942}") = "GlyphDesigner", "GlyphDesigner.vcxproj", "{B12702AD-ABFB-343A-A199-8E24837244A3}"
	ProjectSection(ProjectDependencies) = postProject
		{339B5005-8C75-48B9-8F0A-9B60EBF3D067} = {339B5005-8C75-48B9-8F0A-9B60EBF3D067}
		{1917E85B-C54C-4A57-8D29-DAC16021149E} = {1917E85B-C54C-4A57-8D29-DAC16021149E}
		{5E827F64-EBFA-4D08-9C78-FF91E2BAB5A7} = {5E827F64-EBFA-4D08-9C78-FF91E2BAB5A7}
		{719E7168-0726-41CB-8C97-113F0279FDB8} = {719E7168-0726-41CB-8C97-113F0279FDB8}
		{34FA31BE-0730-47BC-809E-DB7FFBAA51C1} = {34FA31BE-0730-47BC-809E-DB7FFBAA51C1}
		{4953F2DD-83B8-4596-883E-C7D541A17D60} = {4953F2DD-83B8-4596-883E-C7D541A17D60}
		{6F25F9F4-52F6-4734-8DA7-9EE08491444D} = {6F25F9F4-52F6-4734-8DA7-9EE08491444D}
	EndProjectSection
EndProject
Project("{8BC9CEB8-8B4A-11D0-8D11-00A0C91BC942}") = "SGXGUI", "..\SGXGUI\SGXGUI.vcxproj", "{6F25F9F4-52F6-4734-8DA7-9EE08491444D}"
	ProjectSection(ProjectDependencies) = postProject
		{719E7168-0726-41CB-8C97-113F0279FDB8} = {719E7168-0726-41CB-8C97-113F0279FDB8}
	EndProjectSection
EndProject
Project("{8BC9CEB8-8B4A-11D0-8D11-00A0C91BC942}") = "SGXGlyphGUI", "..\SGXGlyphGUI\SGXGlyphGUI.vcxproj", "{4953F2DD-83B8-4596-883E-C7D541A17D60}"
	ProjectSection(ProjectDependencies) = postProject
		{339B5005-8C75-48B9-8F0A-9B60EBF3D067} = {339B5005-8C75-48B9-8F0A-9B60EBF3D067}
		{1917E85B-C54C-4A57-8D29-DAC16021149E} = {1917E85B-C54C-4A57-8D29-DAC16021149E}
		{97CCCA63-D9A1-4B89-B473-FC1385E3782E} = {97CCCA63-D9A1-4B89-B473-FC1385E3782E}
		{719E7168-0726-41CB-8C97-113F0279FDB8} = {719E7168-0726-41CB-8C97-113F0279FDB8}
		{6F25F9F4-52F6-4734-8DA7-9EE08491444D} = {6F25F9F4-52F6-4734-8DA7-9EE08491444D}
	EndProjectSection
EndProject
Project("{8BC9CEB8-8B4A-11D0-8D11-00A0C91BC942}") = "ANTzBridge", "..\..\ANTzPlus\ANTzBridge\ANTzBridge.vcxproj", "{5E827F64-EBFA-4D08-9C78-FF91E2BAB5A7}"
	ProjectSection(ProjectDependencies) = postProject
		{1917E85B-C54C-4A57-8D29-DAC16021149E} = {1917E85B-C54C-4A57-8D29-DAC16021149E}
		{719E7168-0726-41CB-8C97-113F0279FDB8} = {719E7168-0726-41CB-8C97-113F0279FDB8}
		{7D8A83E2-8F45-4F90-9F84-F1120904E0CE} = {7D8A83E2-8F45-4F90-9F84-F1120904E0CE}
	EndProjectSection
EndProject
Project("{8BC9CEB8-8B4A-11D0-8D11-00A0C91BC942}") = "ANTzCore", "..\..\ANTzPlus\ANTzCore\ANTzCore.vcxproj", "{7D8A83E2-8F45-4F90-9F84-F1120904E0CE}"
EndProject
Project("{8BC9CEB8-8B4A-11D0-8D11-00A0C91BC942}") = "SGXDataTransform", "..\..\Core\SGXDataTransform\SGXDataTransform.vcxproj", "{339B5005-8C75-48B9-8F0A-9B60EBF3D067}"
	ProjectSection(ProjectDependencies) = postProject
		{1917E85B-C54C-4A57-8D29-DAC16021149E} = {1917E85B-C54C-4A57-8D29-DAC16021149E}
		{719E7168-0726-41CB-8C97-113F0279FDB8} = {719E7168-0726-41CB-8C97-113F0279FDB8}
	EndProjectSection
EndProject
Project("{8BC9CEB8-8B4A-11D0-8D11-00A0C91BC942}") = "SGXFoundation", "..\..\Core\SGXFoundation\SGXFoundation.vcxproj", "{1917E85B-C54C-4A57-8D29-DAC16021149E}"
	ProjectSection(ProjectDependencies) = postProject
		{719E7168-0726-41CB-8C97-113F0279FDB8} = {719E7168-0726-41CB-8C97-113F0279FDB8}
	EndProjectSection
EndProject
Project("{8BC9CEB8-8B4A-11D0-8D11-00A0C91BC942}") = "SGXUtility", "..\..\Core\SGXUtility\SGXUtility.vcxproj", "{719E7168-0726-41CB-8C97-113F0279FDB8}"
EndProject
Project("{8BC9CEB8-8B4A-11D0-8D11-00A0C91BC942}") = "ANTzSingleGlyphGUI", "..\..\ANTzPlus\ANTzSingleGlyphGUI\ANTzSingleGlyphGUI.vcxproj", "{34FA31BE-0730-47BC-809E-DB7FFBAA51C1}"
	ProjectSection(ProjectDependencies) = postProject
		{1917E85B-C54C-4A57-8D29-DAC16021149E} = {1917E85B-C54C-4A57-8D29-DAC16021149E}
		{5E827F64-EBFA-4D08-9C78-FF91E2BAB5A7} = {5E827F64-EBFA-4D08-9C78-FF91E2BAB5A7}
		{719E7168-0726-41CB-8C97-113F0279FDB8} = {719E7168-0726-41CB-8C97-113F0279FDB8}
		{4953F2DD-83B8-4596-883E-C7D541A17D60} = {4953F2DD-83B8-4596-883E-C7D541A17D60}
		{6F25F9F4-52F6-4734-8DA7-9EE08491444D} = {6F25F9F4-52F6-4734-8DA7-9EE08491444D}
	EndProjectSection
EndProject
Project("{8BC9CEB8-8B4A-11D0-8D11-00A0C91BC942}") = "SGXImage", "..\..\Core\SGXImage\SGXImage.vcxproj", "{97CCCA63-D9A1-4B89-B473-FC1385E3782E}"
EndProject
Global
	GlobalSection(SolutionConfigurationPlatforms) = preSolution
		Debug|Win32 = Debug|Win32
		Release|Win32 = Release|Win32
	EndGlobalSection
	GlobalSection(ProjectConfigurationPlatforms) = postSolution
		{B12702AD-ABFB-343A-A199-8E24837244A3}.Debug|Win32.ActiveCfg = Debug|Win32
		{B12702AD-ABFB-343A-A199-8E24837244A3}.Debug|Win32.Build.0 = Debug|Win32
		{B12702AD-ABFB-343A-A199-8E24837244A3}.Release|Win32.ActiveCfg = Release|Win32
		{B12702AD-ABFB-343A-A199-8E24837244A3}.Release|Win32.Build.0 = Release|Win32
		{6F25F9F4-52F6-4734-8DA7-9EE08491444D}.Debug|Win32.ActiveCfg = Debug|Win32
		{6F25F9F4-52F6-4734-8DA7-9EE08491444D}.Debug|Win32.Build.0 = Debug|Win32
		{6F25F9F4-52F6-4734-8DA7-9EE08491444D}.Release|Win32.ActiveCfg = Release|Win32
		{6F25F9F4-52F6-4734-8DA7-9EE08491444D}.Release|Win32.Build.0 = Release|Win32
		{4953F2DD-83B8-4596-883E-C7D541A17D60}.Debug|Win32.ActiveCfg = Debug|Win32
		{4953F2DD-83B8-4596-883E-C7D541A17D60}.Debug|Win32.Build.0 = Debug|Win32
		{4953F2DD-83B8-4596-883E-C7D541A17D60}.Release|Win32.ActiveCfg = Release|Win32
		{4953F2DD-83B8-4596-883E-C7D541A17D60}.Release|Win32.Build.0 = Release|Win32
		{5E827F64-EBFA-4D08-9C78-FF91E2BAB5A7}.Debug|Win32.ActiveCfg = Debug|Win32
		{5E827F64-EBFA-4D08-9C78-FF91E2BAB5A7}.Debug|Win32.Build.0 = Debug|Win32
		{5E827F64-EBFA-4D08-9C78-FF91E2BAB5A7}.Release|Win32.ActiveCfg = Release|Win32
		{5E827F64-EBFA-4D08-9C78-FF91E2BAB5A7}.Release|Win32.Build.0 = Release|Win32
		{7D8A83E2-8F45-4F90-9F84-F1120904E0CE}.Debug|Win32.ActiveCfg = Debug|Win32
		{7D8A83E2-8F45-4F90-9F84-F1120904E0CE}.Debug|Win32.Build.0 = Debug|Win32
		{7D8A83E2-8F45-4F90-9F84-F1120904E0CE}.Release|Win32.ActiveCfg = Release|Win32
		{7D8A83E2-8F45-4F90-9F84-F1120904E0CE}.Release|Win32.Build.0 = Release|Win32
		{339B5005-8C75-48B9-8F0A-9B60EBF3D067}.Debug|Win32.ActiveCfg = Debug|Win32
		{339B5005-8C75-48B9-8F0A-9B60EBF3D067}.Debug|Win32.Build.0 = Debug|Win32
		{339B5005-8C75-48B9-8F0A-9B60EBF3D067}.Release|Win32.ActiveCfg = Release|Win32
		{339B5005-8C75-48B9-8F0A-9B60EBF3D067}.Release|Win32.Build.0 = Release|Win32
		{1917E85B-C54C-4A57-8D29-DAC16021149E}.Debug|Win32.ActiveCfg = Debug|Win32
		{1917E85B-C54C-4A57-8D29-DAC16021149E}.Debug|Win32.Build.0 = Debug|Win32
		{1917E85B-C54C-4A57-8D29-DAC16021149E}.Release|Win32.ActiveCfg = Release|Win32
		{1917E85B-C54C-4A57-8D29-DAC16021149E}.Release|Win32.Build.0 = Release|Win32
		{719E7168-0726-41CB-8C97-113F0279FDB8}.Debug|Win32.ActiveCfg = Debug|Win32
		{719E7168-0726-41CB-8C97-113F0279FDB8}.Debug|Win32.Build.0 = Debug|Win32
		{719E7168-0726-41CB-8C97-113F0279FDB8}.Release|Win32.ActiveCfg = Release|Win32
		{719E7168-0726-41CB-8C97-113F0279FDB8}.Release|Win32.Build.0 = Release|Win32
		{34FA31BE-0730-47BC-809E-DB7FFBAA51C1}.Debug|Win32.ActiveCfg = Debug|Win32
		{34FA31BE-0730-47BC-809E-DB7FFBAA51C1}.Debug|Win32.Build.0 = Debug|Win32
		{34FA31BE-0730-47BC-809E-DB7FFBAA51C1}.Release|Win32.ActiveCfg = Release|Win32
		{34FA31BE-0730-47BC-809E-DB7FFBAA51C1}.Release|Win32.Build.0 = Release|Win32
		{97CCCA63-D9A1-4B89-B473-FC1385E3782E}.Debug|Win32.ActiveCfg = Debug|Win32
		{97CCCA63-D9A1-4B89-B473-FC1385E3782E}.Debug|Win32.Build.0 = Debug|Win32
		{97CCCA63-D9A1-4B89-B473-FC1385E3782E}.Release|Win32.ActiveCfg = Release|Win32
		{97CCCA63-D9A1-4B89-B473-FC1385E3782E}.Release|Win32.Build.0 = Release|Win32
	EndGlobalSection
	GlobalSection(SolutionProperties) = preSolution
		HideSolutionNode = FALSE
	EndGlobalSection
EndGlobal
