
Microsoft Visual Studio Solution File, Format Version 12.00
# Visual Studio 2013
VisualStudioVersion = 12.0.30110.0
MinimumVisualStudioVersion = 10.0.40219.1
Project("{8BC9CEB8-8B4A-11D0-8D11-00A0C91BC942}") = "KMLToCSV", "KMLToCSV.vcxproj", "{B12702AD-ABFB-343A-A199-8E24837244A3}"
	ProjectSection(ProjectDependencies) = postProject
		{6F25F9F4-52F6-4734-8DA7-9EE08491444D} = {6F25F9F4-52F6-4734-8DA7-9EE08491444D}
	EndProjectSection
EndProject
Project("{8BC9CEB8-8B4A-11D0-8D11-00A0C91BC942}") = "SGXGUI", "..\..\GUI\SGXGUI\SGXGUI.vcxproj", "{6F25F9F4-52F6-4734-8DA7-9EE08491444D}"
EndProject
Project("{8BC9CEB8-8B4A-11D0-8D11-00A0C91BC942}") = "MapDownloading", "..\MapDownloading\MapDownloading.vcxproj", "{C1352B61-481F-430E-9B1F-B4FC1001C542}"
EndProject
Global
	GlobalSection(SolutionConfigurationPlatforms) = preSolution
		Debug|Win32 = Debug|Win32
		Release|Win32 = Release|Win32
	EndGlobalSection
	GlobalSection(ProjectConfigurationPlatforms) = postSolution
		{B12702AD-ABFB-343A-A199-8E24837244A3}.Debug|Win32.ActiveCfg = Debug|Win32
		{B12702AD-ABFB-343A-A199-8E24837244A3}.Debug|Win32.Build.0 = Debug|Win32
		{B12702AD-ABFB-343A-A199-8E24837244A3}.Release|Win32.ActiveCfg = Release|Win32
		{B12702AD-ABFB-343A-A199-8E24837244A3}.Release|Win32.Build.0 = Release|Win32
		{6F25F9F4-52F6-4734-8DA7-9EE08491444D}.Debug|Win32.ActiveCfg = Debug|Win32
		{6F25F9F4-52F6-4734-8DA7-9EE08491444D}.Debug|Win32.Build.0 = Debug|Win32
		{6F25F9F4-52F6-4734-8DA7-9EE08491444D}.Release|Win32.ActiveCfg = Release|Win32
		{6F25F9F4-52F6-4734-8DA7-9EE08491444D}.Release|Win32.Build.0 = Release|Win32
		{C1352B61-481F-430E-9B1F-B4FC1001C542}.Debug|Win32.ActiveCfg = Debug|Win32
		{C1352B61-481F-430E-9B1F-B4FC1001C542}.Debug|Win32.Build.0 = Debug|Win32
		{C1352B61-481F-430E-9B1F-B4FC1001C542}.Release|Win32.ActiveCfg = Release|Win32
		{C1352B61-481F-430E-9B1F-B4FC1001C542}.Release|Win32.Build.0 = Release|Win32
	EndGlobalSection
	GlobalSection(SolutionProperties) = preSolution
		HideSolutionNode = FALSE
	EndGlobalSection
EndGlobal
