
Microsoft Visual Studio Solution File, Format Version 12.00
# Visual Studio 2013
VisualStudioVersion = 12.0.40629.0
MinimumVisualStudioVersion = 10.0.40219.1
Project("{8BC9CEB8-8B4A-11D0-8D11-00A0C91BC942}") = "DataMapper", "..\DataMapper\DataMapper.vcxproj", "{B12702AD-ABFB-343A-A199-8E24837244A3}"
	ProjectSection(ProjectDependencies) = postProject
		{7778ED0D-39D7-4D7D-BD1A-0B66C14060FF} = {7778ED0D-39D7-4D7D-BD1A-0B66C14060FF}
		{72BF141A-129B-474B-B059-EF204CBD31F6} = {72BF141A-129B-474B-B059-EF204CBD31F6}
		{3A2E1233-CA11-41E6-AEC0-8BE69721493B} = {3A2E1233-CA11-41E6-AEC0-8BE69721493B}
		{1917E85B-C54C-4A57-8D29-DAC16021149E} = {1917E85B-C54C-4A57-8D29-DAC16021149E}
		{C1352B61-481F-430E-9B1F-B4FC1001C542} = {C1352B61-481F-430E-9B1F-B4FC1001C542}
		{5E827F64-EBFA-4D08-9C78-FF91E2BAB5A7} = {5E827F64-EBFA-4D08-9C78-FF91E2BAB5A7}
		{719E7168-0726-41CB-8C97-113F0279FDB8} = {719E7168-0726-41CB-8C97-113F0279FDB8}
		{34FA31BE-0730-47BC-809E-DB7FFBAA51C1} = {34FA31BE-0730-47BC-809E-DB7FFBAA51C1}
		{4953F2DD-83B8-4596-883E-C7D541A17D60} = {4953F2DD-83B8-4596-883E-C7D541A17D60}
		{7D8A83E2-8F45-4F90-9F84-F1120904E0CE} = {7D8A83E2-8F45-4F90-9F84-F1120904E0CE}
		{6F25F9F4-52F6-4734-8DA7-9EE08491444D} = {6F25F9F4-52F6-4734-8DA7-9EE08491444D}
	EndProjectSection
EndProject
Project("{8BC9CEB8-8B4A-11D0-8D11-00A0C91BC942}") = "GlyphDesigner", "..\GlyphDesigner\GlyphDesigner.vcxproj", "{FD1ED976-29E1-469A-8F9A-593A3CBDA400}"
	ProjectSection(ProjectDependencies) = postProject
		{72BF141A-129B-474B-B059-EF204CBD31F6} = {72BF141A-129B-474B-B059-EF204CBD31F6}
		{1917E85B-C54C-4A57-8D29-DAC16021149E} = {1917E85B-C54C-4A57-8D29-DAC16021149E}
		{5E827F64-EBFA-4D08-9C78-FF91E2BAB5A7} = {5E827F64-EBFA-4D08-9C78-FF91E2BAB5A7}
		{719E7168-0726-41CB-8C97-113F0279FDB8} = {719E7168-0726-41CB-8C97-113F0279FDB8}
		{34FA31BE-0730-47BC-809E-DB7FFBAA51C1} = {34FA31BE-0730-47BC-809E-DB7FFBAA51C1}
		{4953F2DD-83B8-4596-883E-C7D541A17D60} = {4953F2DD-83B8-4596-883E-C7D541A17D60}
		{7D8A83E2-8F45-4F90-9F84-F1120904E0CE} = {7D8A83E2-8F45-4F90-9F84-F1120904E0CE}
		{6F25F9F4-52F6-4734-8DA7-9EE08491444D} = {6F25F9F4-52F6-4734-8DA7-9EE08491444D}
	EndProjectSection
EndProject
Project("{8BC9CEB8-8B4A-11D0-8D11-00A0C91BC942}") = "GlyphViewer", "..\GlyphViewer\GlyphViewer.vcxproj", "{819CAA07-8664-4CC9-B3CE-95FE5B6C2F70}"
	ProjectSection(ProjectDependencies) = postProject
		{7778ED0D-39D7-4D7D-BD1A-0B66C14060FF} = {7778ED0D-39D7-4D7D-BD1A-0B66C14060FF}
		{72BF141A-129B-474B-B059-EF204CBD31F6} = {72BF141A-129B-474B-B059-EF204CBD31F6}
		{968BAC27-C2A0-4012-81AA-19D57EE5FDCF} = {968BAC27-C2A0-4012-81AA-19D57EE5FDCF}
		{3A2E1233-CA11-41E6-AEC0-8BE69721493B} = {3A2E1233-CA11-41E6-AEC0-8BE69721493B}
		{1917E85B-C54C-4A57-8D29-DAC16021149E} = {1917E85B-C54C-4A57-8D29-DAC16021149E}
		{C1352B61-481F-430E-9B1F-B4FC1001C542} = {C1352B61-481F-430E-9B1F-B4FC1001C542}
		{5E827F64-EBFA-4D08-9C78-FF91E2BAB5A7} = {5E827F64-EBFA-4D08-9C78-FF91E2BAB5A7}
		{719E7168-0726-41CB-8C97-113F0279FDB8} = {719E7168-0726-41CB-8C97-113F0279FDB8}
		{A5CC71AF-D830-4680-B093-15AAB5BD4FF7} = {A5CC71AF-D830-4680-B093-15AAB5BD4FF7}
		{4953F2DD-83B8-4596-883E-C7D541A17D60} = {4953F2DD-83B8-4596-883E-C7D541A17D60}
		{7D8A83E2-8F45-4F90-9F84-F1120904E0CE} = {7D8A83E2-8F45-4F90-9F84-F1120904E0CE}
		{6F25F9F4-52F6-4734-8DA7-9EE08491444D} = {6F25F9F4-52F6-4734-8DA7-9EE08491444D}
	EndProjectSection
EndProject
Project("{8BC9CEB8-8B4A-11D0-8D11-00A0C91BC942}") = "SGXGlyphGUI", "..\SGXGlyphGUI\SGXGlyphGUI.vcxproj", "{4953F2DD-83B8-4596-883E-C7D541A17D60}"
	ProjectSection(ProjectDependencies) = postProject
		{72BF141A-129B-474B-B059-EF204CBD31F6} = {72BF141A-129B-474B-B059-EF204CBD31F6}
		{1917E85B-C54C-4A57-8D29-DAC16021149E} = {1917E85B-C54C-4A57-8D29-DAC16021149E}
		{719E7168-0726-41CB-8C97-113F0279FDB8} = {719E7168-0726-41CB-8C97-113F0279FDB8}
		{6F25F9F4-52F6-4734-8DA7-9EE08491444D} = {6F25F9F4-52F6-4734-8DA7-9EE08491444D}
	EndProjectSection
EndProject
Project("{8BC9CEB8-8B4A-11D0-8D11-00A0C91BC942}") = "SGXGUI", "..\SGXGUI\SGXGUI.vcxproj", "{6F25F9F4-52F6-4734-8DA7-9EE08491444D}"
	ProjectSection(ProjectDependencies) = postProject
		{719E7168-0726-41CB-8C97-113F0279FDB8} = {719E7168-0726-41CB-8C97-113F0279FDB8}
	EndProjectSection
EndProject
Project("{8BC9CEB8-8B4A-11D0-8D11-00A0C91BC942}") = "MapDownloading", "..\MapDownloading\MapDownloading.vcxproj", "{C1352B61-481F-430E-9B1F-B4FC1001C542}"
	ProjectSection(ProjectDependencies) = postProject
		{97CCCA63-D9A1-4B89-B473-FC1385E3782E} = {97CCCA63-D9A1-4B89-B473-FC1385E3782E}
		{719E7168-0726-41CB-8C97-113F0279FDB8} = {719E7168-0726-41CB-8C97-113F0279FDB8}
		{6F25F9F4-52F6-4734-8DA7-9EE08491444D} = {6F25F9F4-52F6-4734-8DA7-9EE08491444D}
	EndProjectSection
EndProject
Project("{8BC9CEB8-8B4A-11D0-8D11-00A0C91BC942}") = "SGXFoundation", "..\..\core\SGXFoundation\SGXFoundation.vcxproj", "{1917E85B-C54C-4A57-8D29-DAC16021149E}"
	ProjectSection(ProjectDependencies) = postProject
		{719E7168-0726-41CB-8C97-113F0279FDB8} = {719E7168-0726-41CB-8C97-113F0279FDB8}
	EndProjectSection
EndProject
Project("{8BC9CEB8-8B4A-11D0-8D11-00A0C91BC942}") = "SGXGeospatial", "..\..\core\SGXGeospatial\SGXGeospatial.vcxproj", "{3A2E1233-CA11-41E6-AEC0-8BE69721493B}"
	ProjectSection(ProjectDependencies) = postProject
		{719E7168-0726-41CB-8C97-113F0279FDB8} = {719E7168-0726-41CB-8C97-113F0279FDB8}
	EndProjectSection
EndProject
Project("{8BC9CEB8-8B4A-11D0-8D11-00A0C91BC942}") = "SGXUtility", "..\..\core\SGXUtility\SGXUtility.vcxproj", "{719E7168-0726-41CB-8C97-113F0279FDB8}"
EndProject
Project("{8BC9CEB8-8B4A-11D0-8D11-00A0C91BC942}") = "ANTzCore", "..\..\antzplus\ANTzCore\ANTzCore.vcxproj", "{7D8A83E2-8F45-4F90-9F84-F1120904E0CE}"
EndProject
Project("{8BC9CEB8-8B4A-11D0-8D11-00A0C91BC942}") = "ANTzBridge", "..\..\antzplus\ANTzBridge\ANTzBridge.vcxproj", "{5E827F64-EBFA-4D08-9C78-FF91E2BAB5A7}"
	ProjectSection(ProjectDependencies) = postProject
		{1917E85B-C54C-4A57-8D29-DAC16021149E} = {1917E85B-C54C-4A57-8D29-DAC16021149E}
		{7D8A83E2-8F45-4F90-9F84-F1120904E0CE} = {7D8A83E2-8F45-4F90-9F84-F1120904E0CE}
	EndProjectSection
EndProject
Project("{8BC9CEB8-8B4A-11D0-8D11-00A0C91BC942}") = "ANTzGUI", "..\..\antzplus\ANTzGUI\ANTzGUI.vcxproj", "{968BAC27-C2A0-4012-81AA-19D57EE5FDCF}"
	ProjectSection(ProjectDependencies) = postProject
		{1917E85B-C54C-4A57-8D29-DAC16021149E} = {1917E85B-C54C-4A57-8D29-DAC16021149E}
		{5E827F64-EBFA-4D08-9C78-FF91E2BAB5A7} = {5E827F64-EBFA-4D08-9C78-FF91E2BAB5A7}
		{719E7168-0726-41CB-8C97-113F0279FDB8} = {719E7168-0726-41CB-8C97-113F0279FDB8}
		{4953F2DD-83B8-4596-883E-C7D541A17D60} = {4953F2DD-83B8-4596-883E-C7D541A17D60}
		{7D8A83E2-8F45-4F90-9F84-F1120904E0CE} = {7D8A83E2-8F45-4F90-9F84-F1120904E0CE}
		{6F25F9F4-52F6-4734-8DA7-9EE08491444D} = {6F25F9F4-52F6-4734-8DA7-9EE08491444D}
	EndProjectSection
EndProject
Project("{54435603-DBB4-11D2-8724-00A0C9A8B90C}") = "SGXSetupMergeModule", "..\SGXSetupMergeModule\SGXSetupMergeModule.vdproj", "{8F542EC5-A302-4C68-A9A3-3DF5DDB7E44C}"
EndProject
Project("{54435603-DBB4-11D2-8724-00A0C9A8B90C}") = "SGXDemoWindowsSetup", "SGXDemoWindowsSetup.vdproj", "{5C0B268E-0715-463B-A7BF-F1795A673214}"
	ProjectSection(ProjectDependencies) = postProject
		{DD0CCE25-18BC-4226-B121-DCCCC9B1215B} = {DD0CCE25-18BC-4226-B121-DCCCC9B1215B}
		{8F542EC5-A302-4C68-A9A3-3DF5DDB7E44C} = {8F542EC5-A302-4C68-A9A3-3DF5DDB7E44C}
	EndProjectSection
EndProject
Project("{8BC9CEB8-8B4A-11D0-8D11-00A0C91BC942}") = "SGXzSpaceGUI", "..\SGXzSpaceGUI\SGXzSpaceGUI.vcxproj", "{A5CC71AF-D830-4680-B093-15AAB5BD4FF7}"
	ProjectSection(ProjectDependencies) = postProject
		{719E7168-0726-41CB-8C97-113F0279FDB8} = {719E7168-0726-41CB-8C97-113F0279FDB8}
		{6F25F9F4-52F6-4734-8DA7-9EE08491444D} = {6F25F9F4-52F6-4734-8DA7-9EE08491444D}
	EndProjectSection
EndProject
Project("{8BC9CEB8-8B4A-11D0-8D11-00A0C91BC942}") = "SGXImage", "..\..\core\SGXImage\SGXImage.vcxproj", "{97CCCA63-D9A1-4B89-B473-FC1385E3782E}"
EndProject
Project("{8BC9CEB8-8B4A-11D0-8D11-00A0C91BC942}") = "ANTzSingleGlyphGUI", "..\..\antzplus\ANTzSingleGlyphGUI\ANTzSingleGlyphGUI.vcxproj", "{34FA31BE-0730-47BC-809E-DB7FFBAA51C1}"
	ProjectSection(ProjectDependencies) = postProject
		{1917E85B-C54C-4A57-8D29-DAC16021149E} = {1917E85B-C54C-4A57-8D29-DAC16021149E}
		{97CCCA63-D9A1-4B89-B473-FC1385E3782E} = {97CCCA63-D9A1-4B89-B473-FC1385E3782E}
		{5E827F64-EBFA-4D08-9C78-FF91E2BAB5A7} = {5E827F64-EBFA-4D08-9C78-FF91E2BAB5A7}
		{719E7168-0726-41CB-8C97-113F0279FDB8} = {719E7168-0726-41CB-8C97-113F0279FDB8}
		{4953F2DD-83B8-4596-883E-C7D541A17D60} = {4953F2DD-83B8-4596-883E-C7D541A17D60}
		{7D8A83E2-8F45-4F90-9F84-F1120904E0CE} = {7D8A83E2-8F45-4F90-9F84-F1120904E0CE}
		{6F25F9F4-52F6-4734-8DA7-9EE08491444D} = {6F25F9F4-52F6-4734-8DA7-9EE08491444D}
	EndProjectSection
EndProject
Project("{8BC9CEB8-8B4A-11D0-8D11-00A0C91BC942}") = "SGXDataTransformGUI", "..\SGXDataTransformGUI\SGXDataTransformGUI.vcxproj", "{7778ED0D-39D7-4D7D-BD1A-0B66C14060FF}"
	ProjectSection(ProjectDependencies) = postProject
		{72BF141A-129B-474B-B059-EF204CBD31F6} = {72BF141A-129B-474B-B059-EF204CBD31F6}
		{719E7168-0726-41CB-8C97-113F0279FDB8} = {719E7168-0726-41CB-8C97-113F0279FDB8}
		{6F25F9F4-52F6-4734-8DA7-9EE08491444D} = {6F25F9F4-52F6-4734-8DA7-9EE08491444D}
	EndProjectSection
EndProject
Project("{8BC9CEB8-8B4A-11D0-8D11-00A0C91BC942}") = "SGXDataMapping", "..\..\core\SGXDataMapping\SGXDataMapping.vcxproj", "{72BF141A-129B-474B-B059-EF204CBD31F6}"
	ProjectSection(ProjectDependencies) = postProject
		{1917E85B-C54C-4A57-8D29-DAC16021149E} = {1917E85B-C54C-4A57-8D29-DAC16021149E}
		{97CCCA63-D9A1-4B89-B473-FC1385E3782E} = {97CCCA63-D9A1-4B89-B473-FC1385E3782E}
		{719E7168-0726-41CB-8C97-113F0279FDB8} = {719E7168-0726-41CB-8C97-113F0279FDB8}
	EndProjectSection
EndProject
Project("{8BC9CEB8-8B4A-11D0-8D11-00A0C91BC942}") = "DataEngine", "..\..\DataEngine\DataEngine\DataEngine.vcxproj", "{10B12A6C-E0F4-4CF8-9DE2-1DC881A47DBD}"
EndProject
Project("{54435603-DBB4-11D2-8724-00A0C9A8B90C}") = "SGXGlyphITMergeModule", "..\SGXGlyphITMergeModule\SGXGlyphITMergeModule.vdproj", "{DD0CCE25-18BC-4226-B121-DCCCC9B1215B}"
EndProject
Project("{8BC9CEB8-8B4A-11D0-8D11-00A0C91BC942}") = "SGXSceneViewer", "..\SGXSceneViewer\SGXSceneViewer.vcxproj", "{F5B48F1C-0D02-4BD9-83E0-E1ACD569FEC2}"
	ProjectSection(ProjectDependencies) = postProject
		{4953F2DD-83B8-4596-883E-C7D541A17D60} = {4953F2DD-83B8-4596-883E-C7D541A17D60}
	EndProjectSection
EndProject
Project("{8BC9CEB8-8B4A-11D0-8D11-00A0C91BC942}") = "SGXGraphics", "..\SGXGraphics\SGXGraphics.vcxproj", "{49AB85CC-8CAE-4C1B-A17F-2EFE216A601E}"
EndProject
Global
	GlobalSection(SolutionConfigurationPlatforms) = preSolution
		Debug|Win32 = Debug|Win32
		Debug|x64 = Debug|x64
		Release|Win32 = Release|Win32
		Release|x64 = Release|x64
	EndGlobalSection
	GlobalSection(ProjectConfigurationPlatforms) = postSolution
		{B12702AD-ABFB-343A-A199-8E24837244A3}.Debug|Win32.ActiveCfg = Debug|Win32
		{B12702AD-ABFB-343A-A199-8E24837244A3}.Debug|Win32.Build.0 = Debug|Win32
		{B12702AD-ABFB-343A-A199-8E24837244A3}.Debug|x64.ActiveCfg = Debug|Win32
		{B12702AD-ABFB-343A-A199-8E24837244A3}.Release|Win32.ActiveCfg = Release|Win32
		{B12702AD-ABFB-343A-A199-8E24837244A3}.Release|Win32.Build.0 = Release|Win32
		{B12702AD-ABFB-343A-A199-8E24837244A3}.Release|x64.ActiveCfg = Release|Win32
		{FD1ED976-29E1-469A-8F9A-593A3CBDA400}.Debug|Win32.ActiveCfg = Debug|Win32
		{FD1ED976-29E1-469A-8F9A-593A3CBDA400}.Debug|Win32.Build.0 = Debug|Win32
		{FD1ED976-29E1-469A-8F9A-593A3CBDA400}.Debug|x64.ActiveCfg = Debug|Win32
		{FD1ED976-29E1-469A-8F9A-593A3CBDA400}.Release|Win32.ActiveCfg = Release|Win32
		{FD1ED976-29E1-469A-8F9A-593A3CBDA400}.Release|Win32.Build.0 = Release|Win32
		{FD1ED976-29E1-469A-8F9A-593A3CBDA400}.Release|x64.ActiveCfg = Release|Win32
		{819CAA07-8664-4CC9-B3CE-95FE5B6C2F70}.Debug|Win32.ActiveCfg = Debug|Win32
		{819CAA07-8664-4CC9-B3CE-95FE5B6C2F70}.Debug|Win32.Build.0 = Debug|Win32
		{819CAA07-8664-4CC9-B3CE-95FE5B6C2F70}.Debug|x64.ActiveCfg = Debug|Win32
		{819CAA07-8664-4CC9-B3CE-95FE5B6C2F70}.Release|Win32.ActiveCfg = Release|Win32
		{819CAA07-8664-4CC9-B3CE-95FE5B6C2F70}.Release|Win32.Build.0 = Release|Win32
		{819CAA07-8664-4CC9-B3CE-95FE5B6C2F70}.Release|x64.ActiveCfg = Release|Win32
		{4953F2DD-83B8-4596-883E-C7D541A17D60}.Debug|Win32.ActiveCfg = Debug|Win32
		{4953F2DD-83B8-4596-883E-C7D541A17D60}.Debug|Win32.Build.0 = Debug|Win32
		{4953F2DD-83B8-4596-883E-C7D541A17D60}.Debug|x64.ActiveCfg = Debug|Win32
		{4953F2DD-83B8-4596-883E-C7D541A17D60}.Release|Win32.ActiveCfg = Release|Win32
		{4953F2DD-83B8-4596-883E-C7D541A17D60}.Release|Win32.Build.0 = Release|Win32
		{4953F2DD-83B8-4596-883E-C7D541A17D60}.Release|x64.ActiveCfg = Release|Win32
		{6F25F9F4-52F6-4734-8DA7-9EE08491444D}.Debug|Win32.ActiveCfg = Debug|Win32
		{6F25F9F4-52F6-4734-8DA7-9EE08491444D}.Debug|Win32.Build.0 = Debug|Win32
		{6F25F9F4-52F6-4734-8DA7-9EE08491444D}.Debug|x64.ActiveCfg = Debug|Win32
		{6F25F9F4-52F6-4734-8DA7-9EE08491444D}.Release|Win32.ActiveCfg = Release|Win32
		{6F25F9F4-52F6-4734-8DA7-9EE08491444D}.Release|Win32.Build.0 = Release|Win32
		{6F25F9F4-52F6-4734-8DA7-9EE08491444D}.Release|x64.ActiveCfg = Release|Win32
		{C1352B61-481F-430E-9B1F-B4FC1001C542}.Debug|Win32.ActiveCfg = Debug|Win32
		{C1352B61-481F-430E-9B1F-B4FC1001C542}.Debug|Win32.Build.0 = Debug|Win32
		{C1352B61-481F-430E-9B1F-B4FC1001C542}.Debug|x64.ActiveCfg = Debug|Win32
		{C1352B61-481F-430E-9B1F-B4FC1001C542}.Release|Win32.ActiveCfg = Release|Win32
		{C1352B61-481F-430E-9B1F-B4FC1001C542}.Release|Win32.Build.0 = Release|Win32
		{C1352B61-481F-430E-9B1F-B4FC1001C542}.Release|x64.ActiveCfg = Release|Win32
		{1917E85B-C54C-4A57-8D29-DAC16021149E}.Debug|Win32.ActiveCfg = Debug|Win32
		{1917E85B-C54C-4A57-8D29-DAC16021149E}.Debug|Win32.Build.0 = Debug|Win32
		{1917E85B-C54C-4A57-8D29-DAC16021149E}.Debug|x64.ActiveCfg = Debug|Win32
		{1917E85B-C54C-4A57-8D29-DAC16021149E}.Release|Win32.ActiveCfg = Release|Win32
		{1917E85B-C54C-4A57-8D29-DAC16021149E}.Release|Win32.Build.0 = Release|Win32
		{1917E85B-C54C-4A57-8D29-DAC16021149E}.Release|x64.ActiveCfg = Release|Win32
		{3A2E1233-CA11-41E6-AEC0-8BE69721493B}.Debug|Win32.ActiveCfg = Debug|Win32
		{3A2E1233-CA11-41E6-AEC0-8BE69721493B}.Debug|Win32.Build.0 = Debug|Win32
		{3A2E1233-CA11-41E6-AEC0-8BE69721493B}.Debug|x64.ActiveCfg = Debug|Win32
		{3A2E1233-CA11-41E6-AEC0-8BE69721493B}.Release|Win32.ActiveCfg = Release|Win32
		{3A2E1233-CA11-41E6-AEC0-8BE69721493B}.Release|Win32.Build.0 = Release|Win32
		{3A2E1233-CA11-41E6-AEC0-8BE69721493B}.Release|x64.ActiveCfg = Release|Win32
		{719E7168-0726-41CB-8C97-113F0279FDB8}.Debug|Win32.ActiveCfg = Debug|Win32
		{719E7168-0726-41CB-8C97-113F0279FDB8}.Debug|Win32.Build.0 = Debug|Win32
		{719E7168-0726-41CB-8C97-113F0279FDB8}.Debug|x64.ActiveCfg = Debug|Win32
		{719E7168-0726-41CB-8C97-113F0279FDB8}.Release|Win32.ActiveCfg = Release|Win32
		{719E7168-0726-41CB-8C97-113F0279FDB8}.Release|Win32.Build.0 = Release|Win32
		{719E7168-0726-41CB-8C97-113F0279FDB8}.Release|x64.ActiveCfg = Release|Win32
		{7D8A83E2-8F45-4F90-9F84-F1120904E0CE}.Debug|Win32.ActiveCfg = Debug|Win32
		{7D8A83E2-8F45-4F90-9F84-F1120904E0CE}.Debug|Win32.Build.0 = Debug|Win32
		{7D8A83E2-8F45-4F90-9F84-F1120904E0CE}.Debug|x64.ActiveCfg = Debug|Win32
		{7D8A83E2-8F45-4F90-9F84-F1120904E0CE}.Release|Win32.ActiveCfg = Release|Win32
		{7D8A83E2-8F45-4F90-9F84-F1120904E0CE}.Release|Win32.Build.0 = Release|Win32
		{7D8A83E2-8F45-4F90-9F84-F1120904E0CE}.Release|x64.ActiveCfg = Release|Win32
		{5E827F64-EBFA-4D08-9C78-FF91E2BAB5A7}.Debug|Win32.ActiveCfg = Debug|Win32
		{5E827F64-EBFA-4D08-9C78-FF91E2BAB5A7}.Debug|Win32.Build.0 = Debug|Win32
		{5E827F64-EBFA-4D08-9C78-FF91E2BAB5A7}.Debug|x64.ActiveCfg = Debug|Win32
		{5E827F64-EBFA-4D08-9C78-FF91E2BAB5A7}.Release|Win32.ActiveCfg = Release|Win32
		{5E827F64-EBFA-4D08-9C78-FF91E2BAB5A7}.Release|Win32.Build.0 = Release|Win32
		{5E827F64-EBFA-4D08-9C78-FF91E2BAB5A7}.Release|x64.ActiveCfg = Release|Win32
		{968BAC27-C2A0-4012-81AA-19D57EE5FDCF}.Debug|Win32.ActiveCfg = Debug|Win32
		{968BAC27-C2A0-4012-81AA-19D57EE5FDCF}.Debug|Win32.Build.0 = Debug|Win32
		{968BAC27-C2A0-4012-81AA-19D57EE5FDCF}.Debug|x64.ActiveCfg = Debug|Win32
		{968BAC27-C2A0-4012-81AA-19D57EE5FDCF}.Release|Win32.ActiveCfg = Release|Win32
		{968BAC27-C2A0-4012-81AA-19D57EE5FDCF}.Release|Win32.Build.0 = Release|Win32
		{968BAC27-C2A0-4012-81AA-19D57EE5FDCF}.Release|x64.ActiveCfg = Release|Win32
		{8F542EC5-A302-4C68-A9A3-3DF5DDB7E44C}.Debug|Win32.ActiveCfg = Debug
		{8F542EC5-A302-4C68-A9A3-3DF5DDB7E44C}.Debug|Win32.Build.0 = Debug
		{8F542EC5-A302-4C68-A9A3-3DF5DDB7E44C}.Debug|x64.ActiveCfg = Debug
		{8F542EC5-A302-4C68-A9A3-3DF5DDB7E44C}.Debug|x64.Build.0 = Debug
		{8F542EC5-A302-4C68-A9A3-3DF5DDB7E44C}.Release|Win32.ActiveCfg = Release
		{8F542EC5-A302-4C68-A9A3-3DF5DDB7E44C}.Release|Win32.Build.0 = Release
		{8F542EC5-A302-4C68-A9A3-3DF5DDB7E44C}.Release|x64.ActiveCfg = Release
		{8F542EC5-A302-4C68-A9A3-3DF5DDB7E44C}.Release|x64.Build.0 = Release
		{5C0B268E-0715-463B-A7BF-F1795A673214}.Debug|Win32.ActiveCfg = Debug
		{5C0B268E-0715-463B-A7BF-F1795A673214}.Debug|Win32.Build.0 = Debug
		{5C0B268E-0715-463B-A7BF-F1795A673214}.Debug|x64.ActiveCfg = Debug
		{5C0B268E-0715-463B-A7BF-F1795A673214}.Debug|x64.Build.0 = Debug
		{5C0B268E-0715-463B-A7BF-F1795A673214}.Release|Win32.ActiveCfg = Release
		{5C0B268E-0715-463B-A7BF-F1795A673214}.Release|Win32.Build.0 = Release
		{5C0B268E-0715-463B-A7BF-F1795A673214}.Release|x64.ActiveCfg = Release
		{5C0B268E-0715-463B-A7BF-F1795A673214}.Release|x64.Build.0 = Release
		{A5CC71AF-D830-4680-B093-15AAB5BD4FF7}.Debug|Win32.ActiveCfg = Debug|Win32
		{A5CC71AF-D830-4680-B093-15AAB5BD4FF7}.Debug|Win32.Build.0 = Debug|Win32
		{A5CC71AF-D830-4680-B093-15AAB5BD4FF7}.Debug|x64.ActiveCfg = Debug|Win32
		{A5CC71AF-D830-4680-B093-15AAB5BD4FF7}.Release|Win32.ActiveCfg = Release|Win32
		{A5CC71AF-D830-4680-B093-15AAB5BD4FF7}.Release|Win32.Build.0 = Release|Win32
		{A5CC71AF-D830-4680-B093-15AAB5BD4FF7}.Release|x64.ActiveCfg = Release|Win32
		{97CCCA63-D9A1-4B89-B473-FC1385E3782E}.Debug|Win32.ActiveCfg = Debug|Win32
		{97CCCA63-D9A1-4B89-B473-FC1385E3782E}.Debug|Win32.Build.0 = Debug|Win32
		{97CCCA63-D9A1-4B89-B473-FC1385E3782E}.Debug|x64.ActiveCfg = Debug|Win32
		{97CCCA63-D9A1-4B89-B473-FC1385E3782E}.Release|Win32.ActiveCfg = Release|Win32
		{97CCCA63-D9A1-4B89-B473-FC1385E3782E}.Release|Win32.Build.0 = Release|Win32
		{97CCCA63-D9A1-4B89-B473-FC1385E3782E}.Release|x64.ActiveCfg = Release|Win32
		{34FA31BE-0730-47BC-809E-DB7FFBAA51C1}.Debug|Win32.ActiveCfg = Debug|Win32
		{34FA31BE-0730-47BC-809E-DB7FFBAA51C1}.Debug|Win32.Build.0 = Debug|Win32
		{34FA31BE-0730-47BC-809E-DB7FFBAA51C1}.Debug|x64.ActiveCfg = Debug|Win32
		{34FA31BE-0730-47BC-809E-DB7FFBAA51C1}.Release|Win32.ActiveCfg = Release|Win32
		{34FA31BE-0730-47BC-809E-DB7FFBAA51C1}.Release|Win32.Build.0 = Release|Win32
		{34FA31BE-0730-47BC-809E-DB7FFBAA51C1}.Release|x64.ActiveCfg = Release|Win32
		{7778ED0D-39D7-4D7D-BD1A-0B66C14060FF}.Debug|Win32.ActiveCfg = Debug|Win32
		{7778ED0D-39D7-4D7D-BD1A-0B66C14060FF}.Debug|Win32.Build.0 = Debug|Win32
		{7778ED0D-39D7-4D7D-BD1A-0B66C14060FF}.Debug|x64.ActiveCfg = Debug|Win32
		{7778ED0D-39D7-4D7D-BD1A-0B66C14060FF}.Release|Win32.ActiveCfg = Release|Win32
		{7778ED0D-39D7-4D7D-BD1A-0B66C14060FF}.Release|Win32.Build.0 = Release|Win32
		{7778ED0D-39D7-4D7D-BD1A-0B66C14060FF}.Release|x64.ActiveCfg = Release|Win32
		{72BF141A-129B-474B-B059-EF204CBD31F6}.Debug|Win32.ActiveCfg = Debug|Win32
		{72BF141A-129B-474B-B059-EF204CBD31F6}.Debug|Win32.Build.0 = Debug|Win32
		{72BF141A-129B-474B-B059-EF204CBD31F6}.Debug|x64.ActiveCfg = Debug|Win32
		{72BF141A-129B-474B-B059-EF204CBD31F6}.Release|Win32.ActiveCfg = Release|Win32
		{72BF141A-129B-474B-B059-EF204CBD31F6}.Release|Win32.Build.0 = Release|Win32
		{72BF141A-129B-474B-B059-EF204CBD31F6}.Release|x64.ActiveCfg = Release|Win32
		{10B12A6C-E0F4-4CF8-9DE2-1DC881A47DBD}.Debug|Win32.ActiveCfg = Debug|Win32
		{10B12A6C-E0F4-4CF8-9DE2-1DC881A47DBD}.Debug|Win32.Build.0 = Debug|Win32
		{10B12A6C-E0F4-4CF8-9DE2-1DC881A47DBD}.Debug|x64.ActiveCfg = Debug|Win32
		{10B12A6C-E0F4-4CF8-9DE2-1DC881A47DBD}.Release|Win32.ActiveCfg = Release|Win32
		{10B12A6C-E0F4-4CF8-9DE2-1DC881A47DBD}.Release|Win32.Build.0 = Release|Win32
		{10B12A6C-E0F4-4CF8-9DE2-1DC881A47DBD}.Release|x64.ActiveCfg = Release|Win32
		{DD0CCE25-18BC-4226-B121-DCCCC9B1215B}.Debug|Win32.ActiveCfg = Debug
		{DD0CCE25-18BC-4226-B121-DCCCC9B1215B}.Debug|Win32.Build.0 = Debug
		{DD0CCE25-18BC-4226-B121-DCCCC9B1215B}.Debug|x64.ActiveCfg = Debug
		{DD0CCE25-18BC-4226-B121-DCCCC9B1215B}.Debug|x64.Build.0 = Debug
		{DD0CCE25-18BC-4226-B121-DCCCC9B1215B}.Release|Win32.ActiveCfg = Release
		{DD0CCE25-18BC-4226-B121-DCCCC9B1215B}.Release|Win32.Build.0 = Release
		{DD0CCE25-18BC-4226-B121-DCCCC9B1215B}.Release|x64.ActiveCfg = Release
		{DD0CCE25-18BC-4226-B121-DCCCC9B1215B}.Release|x64.Build.0 = Release
		{F5B48F1C-0D02-4BD9-83E0-E1ACD569FEC2}.Debug|Win32.ActiveCfg = Debug|Win32
		{F5B48F1C-0D02-4BD9-83E0-E1ACD569FEC2}.Debug|Win32.Build.0 = Debug|Win32
		{F5B48F1C-0D02-4BD9-83E0-E1ACD569FEC2}.Debug|x64.ActiveCfg = Debug|Win32
		{F5B48F1C-0D02-4BD9-83E0-E1ACD569FEC2}.Release|Win32.ActiveCfg = Release|Win32
		{F5B48F1C-0D02-4BD9-83E0-E1ACD569FEC2}.Release|Win32.Build.0 = Release|Win32
		{F5B48F1C-0D02-4BD9-83E0-E1ACD569FEC2}.Release|x64.ActiveCfg = Release|Win32
		{49AB85CC-8CAE-4C1B-A17F-2EFE216A601E}.Debug|Win32.ActiveCfg = Debug|Win32
		{49AB85CC-8CAE-4C1B-A17F-2EFE216A601E}.Debug|Win32.Build.0 = Debug|Win32
		{49AB85CC-8CAE-4C1B-A17F-2EFE216A601E}.Debug|x64.ActiveCfg = Debug|Win32
		{49AB85CC-8CAE-4C1B-A17F-2EFE216A601E}.Release|Win32.ActiveCfg = Release|Win32
		{49AB85CC-8CAE-4C1B-A17F-2EFE216A601E}.Release|Win32.Build.0 = Release|Win32
		{49AB85CC-8CAE-4C1B-A17F-2EFE216A601E}.Release|x64.ActiveCfg = Release|Win32
	EndGlobalSection
	GlobalSection(SolutionProperties) = preSolution
		HideSolutionNode = FALSE
	EndGlobalSection
EndGlobal
