<?xml version="1.0" encoding="utf-8"?>
<Project ToolsVersion="4.0" xmlns="http://schemas.microsoft.com/developer/msbuild/2003">
  <ItemGroup>
    <Filter Include="Source Files">
      <UniqueIdentifier>{4FC737F1-C7A5-4376-A066-2A32D752A2FF}</UniqueIdentifier>
      <Extensions>cpp;c;cc;cxx;def;odl;idl;hpj;bat;asm;asmx</Extensions>
    </Filter>
    <Filter Include="Header Files">
      <UniqueIdentifier>{93995380-89BD-4b04-88EB-625FBE52EBFB}</UniqueIdentifier>
      <Extensions>h;hh;hpp;hxx;hm;inl;inc;xsd</Extensions>
    </Filter>
    <Filter Include="Resource Files">
      <UniqueIdentifier>{67DA6AB6-F800-4c08-8B7A-83BB121AAD01}</UniqueIdentifier>
      <Extensions>rc;ico;cur;bmp;dlg;rc2;rct;bin;rgs;gif;jpg;jpeg;jpe;resx;tiff;tif;png;wav;mfcribbon-ms</Extensions>
    </Filter>
  </ItemGroup>
  <ItemGroup>
    <Text Include="ReadMe.txt" />
  </ItemGroup>
  <ItemGroup>
    <ClInclude Include="targetver.h">
      <Filter>Header Files</Filter>
    </ClInclude>
    <ClInclude Include="sgxdatamapping.h">
      <Filter>Header Files</Filter>
    </ClInclude>
    <ClInclude Include="datamappingdefaults.h">
      <Filter>Header Files</Filter>
    </ClInclude>
    <ClInclude Include="datamappingfunction.h">
      <Filter>Header Files</Filter>
    </ClInclude>
    <ClInclude Include="datamappingglyph.h">
      <Filter>Header Files</Filter>
    </ClInclude>
    <ClInclude Include="datamappingglyphfile.h">
      <Filter>Header Files</Filter>
    </ClInclude>
    <ClInclude Include="datamappingglyphgeometry.h">
      <Filter>Header Files</Filter>
    </ClInclude>
    <ClInclude Include="datamappingglyphgraph.h">
      <Filter>Header Files</Filter>
    </ClInclude>
    <ClInclude Include="datamappingglyphgraphexportvisitor.h">
      <Filter>Header Files</Filter>
    </ClInclude>
    <ClInclude Include="datamappingproperty.h">
      <Filter>Header Files</Filter>
    </ClInclude>
    <ClInclude Include="datamappingvirtualtopology.h">
      <Filter>Header Files</Filter>
    </ClInclude>
    <ClInclude Include="datasource.h">
      <Filter>Header Files</Filter>
    </ClInclude>
    <ClInclude Include="datasourcemaps.h">
      <Filter>Header Files</Filter>
    </ClInclude>
    <ClInclude Include="datatransformmapping.h">
      <Filter>Header Files</Filter>
    </ClInclude>
    <ClInclude Include="filedatasource.h">
      <Filter>Header Files</Filter>
    </ClInclude>
    <ClInclude Include="inputbinding.h">
      <Filter>Header Files</Filter>
    </ClInclude>
    <ClInclude Include="inputcombinationfunction.h">
      <Filter>Header Files</Filter>
    </ClInclude>
    <ClInclude Include="inputfield.h">
      <Filter>Header Files</Filter>
    </ClInclude>
    <ClInclude Include="interpolationmappingfunction.h">
      <Filter>Header Files</Filter>
    </ClInclude>
    <ClInclude Include="mindiff.h">
      <Filter>Header Files</Filter>
    </ClInclude>
    <ClInclude Include="sceneproperties.h">
      <Filter>Header Files</Filter>
    </ClInclude>
    <ClInclude Include="stringconcatmappingfunction.h">
      <Filter>Header Files</Filter>
    </ClInclude>
    <ClInclude Include="stringinputcombinationfunction.h">
      <Filter>Header Files</Filter>
    </ClInclude>
    <ClInclude Include="valuemappingfile.h">
      <Filter>Header Files</Filter>
    </ClInclude>
    <ClInclude Include="valuemappingfunction.h">
      <Filter>Header Files</Filter>
    </ClInclude>
    <ClInclude Include="inputtable.h">
      <Filter>Header Files</Filter>
    </ClInclude>
    <ClInclude Include="datasourcetable.h">
      <Filter>Header Files</Filter>
    </ClInclude>
  </ItemGroup>
  <ItemGroup>
    <ClCompile Include="dllmain.cpp">
      <Filter>Source Files</Filter>
    </ClCompile>
    <ClCompile Include="datamappingdefaults.cpp">
      <Filter>Source Files</Filter>
    </ClCompile>
    <ClCompile Include="datamappingfunction.cpp">
      <Filter>Source Files</Filter>
    </ClCompile>
    <ClCompile Include="datamappingglyph.cpp">
      <Filter>Source Files</Filter>
    </ClCompile>
    <ClCompile Include="datamappingglyphfile.cpp">
      <Filter>Source Files</Filter>
    </ClCompile>
    <ClCompile Include="datamappingglyphgeometry.cpp">
      <Filter>Source Files</Filter>
    </ClCompile>
    <ClCompile Include="datamappingglyphgraph.cpp">
      <Filter>Source Files</Filter>
    </ClCompile>
    <ClCompile Include="datamappingproperty.cpp">
      <Filter>Source Files</Filter>
    </ClCompile>
    <ClCompile Include="datamappingvirtualtopology.cpp">
      <Filter>Source Files</Filter>
    </ClCompile>
    <ClCompile Include="datasource.cpp">
      <Filter>Source Files</Filter>
    </ClCompile>
    <ClCompile Include="datasourcemaps.cpp">
      <Filter>Source Files</Filter>
    </ClCompile>
    <ClCompile Include="datatransformmapping.cpp">
      <Filter>Source Files</Filter>
    </ClCompile>
    <ClCompile Include="filedatasource.cpp">
      <Filter>Source Files</Filter>
    </ClCompile>
    <ClCompile Include="inputbinding.cpp">
      <Filter>Source Files</Filter>
    </ClCompile>
    <ClCompile Include="inputcombinationfunction.cpp">
      <Filter>Source Files</Filter>
    </ClCompile>
    <ClCompile Include="inputfield.cpp">
      <Filter>Source Files</Filter>
    </ClCompile>
    <ClCompile Include="interpolationmappingfunction.cpp">
      <Filter>Source Files</Filter>
    </ClCompile>
    <ClCompile Include="mindiff.cpp">
      <Filter>Source Files</Filter>
    </ClCompile>
    <ClCompile Include="sceneproperties.cpp">
      <Filter>Source Files</Filter>
    </ClCompile>
    <ClCompile Include="stringconcatmappingfunction.cpp">
      <Filter>Source Files</Filter>
    </ClCompile>
    <ClCompile Include="stringinputcombinationfunction.cpp">
      <Filter>Source Files</Filter>
    </ClCompile>
    <ClCompile Include="valuemappingfile.cpp">
      <Filter>Source Files</Filter>
    </ClCompile>
    <ClCompile Include="valuemappingfunction.cpp">
      <Filter>Source Files</Filter>
    </ClCompile>
    <ClCompile Include="inputtable.cpp">
      <Filter>Source Files</Filter>
    </ClCompile>
    <ClCompile Include="datasourcetable.cpp">
      <Filter>Source Files</Filter>
    </ClCompile>
  </ItemGroup>
</Project>