<?xml version="1.0" encoding="utf-8"?>
<Project ToolsVersion="4.0" xmlns="http://schemas.microsoft.com/developer/msbuild/2003">
  <ItemGroup>
    <Filter Include="SceneViewer">
      <UniqueIdentifier>{a4780264-e1c6-4803-a22a-0cbbaf4521a0}</UniqueIdentifier>
    </Filter>
    <Filter Include="Generated Files">
      <UniqueIdentifier>{71ED8ED8-ACB9-4CE9-BBE1-E00B30144E11}</UniqueIdentifier>
      <Extensions>moc;h;cpp</Extensions>
      <ParseFiles>true</ParseFiles>
    </Filter>
    <Filter Include="Generated Files\Debug">
      <UniqueIdentifier>{8d925342-5f70-4d3f-b5e7-43e3100f10f4}</UniqueIdentifier>
      <Extensions>cpp;moc</Extensions>
      <SourceControlFiles>False</SourceControlFiles>
    </Filter>
    <Filter Include="Generated Files\Release">
      <UniqueIdentifier>{350483fc-b15c-4dbd-9927-fa90d9013fbd}</UniqueIdentifier>
      <Extensions>cpp;moc</Extensions>
      <SourceControlFiles>False</SourceControlFiles>
    </Filter>
    <Filter Include="SceneViewer\Camera Controllers">
      <UniqueIdentifier>{45194555-84aa-4be2-9789-388881690abc}</UniqueIdentifier>
    </Filter>
  </ItemGroup>
  <ItemGroup>
    <ClInclude Include="platform.h" />
    <ClInclude Include="SGXSceneViewerPCH.h" />
    <ClInclude Include="SceneViewer\glyphnode.h">
      <Filter>SceneViewer</Filter>
    </ClInclude>
    <ClInclude Include="SceneViewer\glyphrenderer.h">
      <Filter>SceneViewer</Filter>
    </ClInclude>
    <ClInclude Include="SceneViewer\glyphscene.h">
      <Filter>SceneViewer</Filter>
    </ClInclude>
    <ClInclude Include="SceneViewer\legacyscenereader.h">
      <Filter>SceneViewer</Filter>
    </ClInclude>
    <ClInclude Include="SceneViewer\legacyglyphplacement.h">
      <Filter>SceneViewer</Filter>
    </ClInclude>
    <ClInclude Include="SceneViewer\placementpolicy.h">
      <Filter>SceneViewer</Filter>
    </ClInclude>
    <ClInclude Include="..\..\ANTzPlus\ANTzTopology\ANTzTopology.h">
      <Filter>SceneViewer</Filter>
    </ClInclude>
    <ClInclude Include="SceneViewer\axisrenderer.h">
      <Filter>SceneViewer</Filter>
    </ClInclude>
    <ClInclude Include="SceneViewer\glyphgeometrydb.h">
      <Filter>SceneViewer</Filter>
    </ClInclude>
    <ClInclude Include="SceneViewer\baseimagerenderer.h">
      <Filter>SceneViewer</Filter>
    </ClInclude>
    <ClInclude Include="SceneViewer\types.h">
      <Filter>SceneViewer</Filter>
    </ClInclude>
    <ClInclude Include="SceneViewer\smoother.h">
      <Filter>SceneViewer</Filter>
    </ClInclude>
    <ClInclude Include="SceneViewer\freecameracontroller.h">
      <Filter>SceneViewer\Camera Controllers</Filter>
    </ClInclude>
    <ClInclude Include="SceneViewer\cameracontroller.h">
      <Filter>SceneViewer\Camera Controllers</Filter>
    </ClInclude>
    <ClInclude Include="SceneViewer\orbitcameracontroller.h">
      <Filter>SceneViewer\Camera Controllers</Filter>
    </ClInclude>
    <ClInclude Include="SceneViewer\overheadcameracontroller.h">
      <Filter>SceneViewer\Camera Controllers</Filter>
    </ClInclude>
    <ClInclude Include="SceneViewer\gadgetmanager.h">
      <Filter>SceneViewer</Filter>
    </ClInclude>
  </ItemGroup>
  <ItemGroup>
    <ClCompile Include="SGXSceneViewerPCH.cpp" />
    <ClCompile Include="SceneViewer\glyphnode.cpp">
      <Filter>SceneViewer</Filter>
    </ClCompile>
    <ClCompile Include="SceneViewer\glyphrenderer.cpp">
      <Filter>SceneViewer</Filter>
    </ClCompile>
    <ClCompile Include="SceneViewer\sceneviewer.cpp">
      <Filter>SceneViewer</Filter>
    </ClCompile>
    <ClCompile Include="SceneViewer\glyphscene.cpp">
      <Filter>SceneViewer</Filter>
    </ClCompile>
    <ClCompile Include="GeneratedFiles\Debug\moc_sceneviewer.cpp">
      <Filter>Generated Files\Debug</Filter>
    </ClCompile>
    <ClCompile Include="GeneratedFiles\Release\moc_sceneviewer.cpp">
      <Filter>Generated Files\Release</Filter>
    </ClCompile>
    <ClCompile Include="SceneViewer\legacyscenereader.cpp">
      <Filter>SceneViewer</Filter>
    </ClCompile>
    <ClCompile Include="SceneViewer\legacyglyphplacement.cpp">
      <Filter>SceneViewer</Filter>
    </ClCompile>
    <ClCompile Include="SceneViewer\placementpolicy.cpp">
      <Filter>SceneViewer</Filter>
    </ClCompile>
    <ClCompile Include="..\..\ANTzPlus\ANTzTopology\ANTzTopology.cpp">
      <Filter>SceneViewer</Filter>
    </ClCompile>
    <ClCompile Include="SceneViewer\axisrenderer.cpp">
      <Filter>SceneViewer</Filter>
    </ClCompile>
    <ClCompile Include="SceneViewer\glyphgeometrydb.cpp">
      <Filter>SceneViewer</Filter>
    </ClCompile>
    <ClCompile Include="SceneViewer\baseimagerenderer.cpp">
      <Filter>SceneViewer</Filter>
    </ClCompile>
    <ClCompile Include="SceneViewer\freecameracontroller.cpp">
      <Filter>SceneViewer\Camera Controllers</Filter>
    </ClCompile>
    <ClCompile Include="SceneViewer\orbitcameracontroller.cpp">
      <Filter>SceneViewer\Camera Controllers</Filter>
    </ClCompile>
    <ClCompile Include="SceneViewer\overheadcameracontroller.cpp">
      <Filter>SceneViewer\Camera Controllers</Filter>
    </ClCompile>
    <ClCompile Include="SceneViewer\gadgetmanager.cpp">
      <Filter>SceneViewer</Filter>
    </ClCompile>
  </ItemGroup>
  <ItemGroup>
    <CustomBuild Include="SceneViewer\sceneviewer.h">
      <Filter>SceneViewer</Filter>
    </CustomBuild>
  </ItemGroup>
</Project>